// !$*UTF8*$!
{
	archiveVersion = 1;
	classes = {
	};
	objectVersion = 50;
	objects = {

/* Begin PBXBuildFile section */
		32122271AC2B114D87DE3EE4 /* Pods_MicroLive.framework in Frameworks */ = {isa = PBXBuildFile; fileRef = CEDC44F62E3D0FC80B4B2A37 /* Pods_MicroLive.framework */; };
		51F4C39627B6C5C982E44A09 /* Pods_MicroLiveUITests.framework in Frameworks */ = {isa = PBXBuildFile; fileRef = 99C6E7B912CE99E8CA302914 /* Pods_MicroLiveUITests.framework */; };
		AAD8BC8D219C024D00E61CBD /* AppDelegate.swift in Sources */ = {isa = PBXBuildFile; fileRef = AAD8BC8C219C024D00E61CBD /* AppDelegate.swift */; };
		AAD8BC8F219C024D00E61CBD /* ViewController.swift in Sources */ = {isa = PBXBuildFile; fileRef = AAD8BC8E219C024D00E61CBD /* ViewController.swift */; };
		AAD8BC92219C024D00E61CBD /* Main.storyboard in Resources */ = {isa = PBXBuildFile; fileRef = AAD8BC90219C024D00E61CBD /* Main.storyboard */; };
		AAD8BC95219C024D00E61CBD /* MicroLive.xcdatamodeld in Sources */ = {isa = PBXBuildFile; fileRef = AAD8BC93219C024D00E61CBD /* MicroLive.xcdatamodeld */; };
		AAD8BC9A219C025000E61CBD /* LaunchScreen.storyboard in Resources */ = {isa = PBXBuildFile; fileRef = AAD8BC98219C025000E61CBD /* LaunchScreen.storyboard */; };
		AAD8BCA5219C025000E61CBD /* MicroLiveTests.swift in Sources */ = {isa = PBXBuildFile; fileRef = AAD8BCA4219C025000E61CBD /* MicroLiveTests.swift */; };
		AAD8BCB0219C025000E61CBD /* MicroLiveUITests.swift in Sources */ = {isa = PBXBuildFile; fileRef = AAD8BCAF219C025000E61CBD /* MicroLiveUITests.swift */; };
		AAD8BD2B219C223B00E61CBD /* WebCombineOperation.swift in Sources */ = {isa = PBXBuildFile; fileRef = AAD8BCBE219C223700E61CBD /* WebCombineOperation.swift */; };
		AAD8BD2C219C223B00E61CBD /* WebDownloader.swift in Sources */ = {isa = PBXBuildFile; fileRef = AAD8BCBF219C223700E61CBD /* WebDownloader.swift */; };
		AAD8BD2D219C223B00E61CBD /* WebCacheManager.swift in Sources */ = {isa = PBXBuildFile; fileRef = AAD8BCC0219C223700E61CBD /* WebCacheManager.swift */; };
		AAD8BD2E219C223B00E61CBD /* WebDownloadOperation.swift in Sources */ = {isa = PBXBuildFile; fileRef = AAD8BCC1219C223700E61CBD /* WebDownloadOperation.swift */; };
		AAD8BD2F219C223B00E61CBD /* comments.json in Resources */ = {isa = PBXBuildFile; fileRef = AAD8BCC3219C223900E61CBD /* comments.json */; };
		AAD8BD30219C223B00E61CBD /* Assets.xcassets in Resources */ = {isa = PBXBuildFile; fileRef = AAD8BCC4219C223900E61CBD /* Assets.xcassets */; };
		AAD8BD31219C223B00E61CBD /* Emoticons.bundle in Resources */ = {isa = PBXBuildFile; fileRef = AAD8BCC5219C223900E61CBD /* Emoticons.bundle */; };
		AAD8BD32219C223B00E61CBD /* user.json in Resources */ = {isa = PBXBuildFile; fileRef = AAD8BCC6219C223900E61CBD /* user.json */; };
		AAD8BD33219C223B00E61CBD /* groupchats.json in Resources */ = {isa = PBXBuildFile; fileRef = AAD8BCC7219C223900E61CBD /* groupchats.json */; };
		AAD8BD34219C223B00E61CBD /* favorites.json in Resources */ = {isa = PBXBuildFile; fileRef = AAD8BCC8219C223900E61CBD /* favorites.json */; };
		AAD8BD35219C223B00E61CBD /* awemes.json in Resources */ = {isa = PBXBuildFile; fileRef = AAD8BCC9219C223900E61CBD /* awemes.json */; };
		AAD8BD36219C223B00E61CBD /* emotion.json in Resources */ = {isa = PBXBuildFile; fileRef = AAD8BCCA219C223900E61CBD /* emotion.json */; };
		AAD8BD37219C223B00E61CBD /* Visitor.swift in Sources */ = {isa = PBXBuildFile; fileRef = AAD8BCCC219C223A00E61CBD /* Visitor.swift */; };
		AAD8BD38219C223B00E61CBD /* Music.swift in Sources */ = {isa = PBXBuildFile; fileRef = AAD8BCCD219C223A00E61CBD /* Music.swift */; };
		AAD8BD39219C223B00E61CBD /* PictureInfo.swift in Sources */ = {isa = PBXBuildFile; fileRef = AAD8BCCE219C223A00E61CBD /* PictureInfo.swift */; };
		AAD8BD3A219C223B00E61CBD /* Comment.swift in Sources */ = {isa = PBXBuildFile; fileRef = AAD8BCCF219C223A00E61CBD /* Comment.swift */; };
		AAD8BD3B219C223B00E61CBD /* User.swift in Sources */ = {isa = PBXBuildFile; fileRef = AAD8BCD0219C223A00E61CBD /* User.swift */; };
		AAD8BD3C219C223B00E61CBD /* BaseModel.swift in Sources */ = {isa = PBXBuildFile; fileRef = AAD8BCD1219C223A00E61CBD /* BaseModel.swift */; };
		AAD8BD3D219C223B00E61CBD /* GroupChat.swift in Sources */ = {isa = PBXBuildFile; fileRef = AAD8BCD2219C223A00E61CBD /* GroupChat.swift */; };
		AAD8BD3E219C223B00E61CBD /* Video.swift in Sources */ = {isa = PBXBuildFile; fileRef = AAD8BCD3219C223A00E61CBD /* Video.swift */; };
		AAD8BD3F219C223B00E61CBD /* Aweme.swift in Sources */ = {isa = PBXBuildFile; fileRef = AAD8BCD4219C223A00E61CBD /* Aweme.swift */; };
		AAD8BD40219C223B00E61CBD /* PhotoView.swift in Sources */ = {isa = PBXBuildFile; fileRef = AAD8BCD6219C223A00E61CBD /* PhotoView.swift */; };
		AAD8BD41219C223B00E61CBD /* RefreshControl.swift in Sources */ = {isa = PBXBuildFile; fileRef = AAD8BCD7219C223A00E61CBD /* RefreshControl.swift */; };
		AAD8BD42219C223B00E61CBD /* CircleProgress.swift in Sources */ = {isa = PBXBuildFile; fileRef = AAD8BCD8219C223A00E61CBD /* CircleProgress.swift */; };
		AAD8BD43219C223B00E61CBD /* BaseViewController.swift in Sources */ = {isa = PBXBuildFile; fileRef = AAD8BCD9219C223A00E61CBD /* BaseViewController.swift */; };
		AAD8BD44219C223B00E61CBD /* EmotionSelector.swift in Sources */ = {isa = PBXBuildFile; fileRef = AAD8BCDB219C223A00E61CBD /* EmotionSelector.swift */; };
		AAD8BD45219C223B00E61CBD /* ChatListController.swift in Sources */ = {isa = PBXBuildFile; fileRef = AAD8BCDC219C223A00E61CBD /* ChatListController.swift */; };
		AAD8BD46219C223B00E61CBD /* TextMessageCell.swift in Sources */ = {isa = PBXBuildFile; fileRef = AAD8BCDD219C223A00E61CBD /* TextMessageCell.swift */; };
		AAD8BD47219C223B00E61CBD /* SystemMessageCell.swift in Sources */ = {isa = PBXBuildFile; fileRef = AAD8BCDE219C223A00E61CBD /* SystemMessageCell.swift */; };
		AAD8BD48219C223B00E61CBD /* ImageMessageCell.swift in Sources */ = {isa = PBXBuildFile; fileRef = AAD8BCDF219C223A00E61CBD /* ImageMessageCell.swift */; };
		AAD8BD49219C223B00E61CBD /* TimeCell.swift in Sources */ = {isa = PBXBuildFile; fileRef = AAD8BCE0219C223A00E61CBD /* TimeCell.swift */; };
		AAD8BD4A219C223B00E61CBD /* PhotoSelector.swift in Sources */ = {isa = PBXBuildFile; fileRef = AAD8BCE1219C223A00E61CBD /* PhotoSelector.swift */; };
		AAD8BD4B219C223B00E61CBD /* ChatTextView.swift in Sources */ = {isa = PBXBuildFile; fileRef = AAD8BCE2219C223A00E61CBD /* ChatTextView.swift */; };
		AAD8BD4C219C223B00E61CBD /* EmotionHelper.swift in Sources */ = {isa = PBXBuildFile; fileRef = AAD8BCE4219C223A00E61CBD /* EmotionHelper.swift */; };
		AAD8BD4D219C223B00E61CBD /* FocusView.swift in Sources */ = {isa = PBXBuildFile; fileRef = AAD8BCE6219C223A00E61CBD /* FocusView.swift */; };
		AAD8BD4E219C223B00E61CBD /* FavoriteView.swift in Sources */ = {isa = PBXBuildFile; fileRef = AAD8BCE7219C223A00E61CBD /* FavoriteView.swift */; };
		AAD8BD4F219C223B00E61CBD /* HoverTextView.swift in Sources */ = {isa = PBXBuildFile; fileRef = AAD8BCE8219C223A00E61CBD /* HoverTextView.swift */; };
		AAD8BD50219C223B00E61CBD /* AwemeListCell.swift in Sources */ = {isa = PBXBuildFile; fileRef = AAD8BCE9219C223A00E61CBD /* AwemeListCell.swift */; };
		AAD8BD51219C223B00E61CBD /* AVPlayerView.swift in Sources */ = {isa = PBXBuildFile; fileRef = AAD8BCEB219C223A00E61CBD /* AVPlayerView.swift */; };
		AAD8BD52219C223B00E61CBD /* AVPlayerManager.swift in Sources */ = {isa = PBXBuildFile; fileRef = AAD8BCEC219C223A00E61CBD /* AVPlayerManager.swift */; };
		AAD8BD53219C223B00E61CBD /* CommentsPopView.swift in Sources */ = {isa = PBXBuildFile; fileRef = AAD8BCED219C223A00E61CBD /* CommentsPopView.swift */; };
		AAD8BD54219C223B00E61CBD /* MusicAlbumView.swift in Sources */ = {isa = PBXBuildFile; fileRef = AAD8BCEE219C223A00E61CBD /* MusicAlbumView.swift */; };
		AAD8BD55219C223B00E61CBD /* AwemeListController.swift in Sources */ = {isa = PBXBuildFile; fileRef = AAD8BCEF219C223A00E61CBD /* AwemeListController.swift */; };
		AAD8BD56219C223B00E61CBD /* CircleTextView.swift in Sources */ = {isa = PBXBuildFile; fileRef = AAD8BCF0219C223A00E61CBD /* CircleTextView.swift */; };
		AAD8BD57219C223B00E61CBD /* SharePopView.swift in Sources */ = {isa = PBXBuildFile; fileRef = AAD8BCF1219C223A00E61CBD /* SharePopView.swift */; };
		AAD8BD58219C223B00E61CBD /* SwipeLeftInteractiveTransition.swift in Sources */ = {isa = PBXBuildFile; fileRef = AAD8BCF3219C223A00E61CBD /* SwipeLeftInteractiveTransition.swift */; };
		AAD8BD59219C223B00E61CBD /* ScalePresentAnimation.swift in Sources */ = {isa = PBXBuildFile; fileRef = AAD8BCF4219C223A00E61CBD /* ScalePresentAnimation.swift */; };
		AAD8BD5A219C223B00E61CBD /* ScaleDismissAnimation.swift in Sources */ = {isa = PBXBuildFile; fileRef = AAD8BCF5219C223A00E61CBD /* ScaleDismissAnimation.swift */; };
		AAD8BD5B219C223B00E61CBD /* LoadMoreControl.swift in Sources */ = {isa = PBXBuildFile; fileRef = AAD8BCF6219C223A00E61CBD /* LoadMoreControl.swift */; };
		AAD8BD5C219C223B00E61CBD /* MenuPopView.swift in Sources */ = {isa = PBXBuildFile; fileRef = AAD8BCF7219C223A00E61CBD /* MenuPopView.swift */; };
		AAD8BD5D219C223B00E61CBD /* SlideTabBarFooter.swift in Sources */ = {isa = PBXBuildFile; fileRef = AAD8BCF9219C223A00E61CBD /* SlideTabBarFooter.swift */; };
		AAD8BD5E219C223B00E61CBD /* HoverViewFlowLayout.swift in Sources */ = {isa = PBXBuildFile; fileRef = AAD8BCFA219C223A00E61CBD /* HoverViewFlowLayout.swift */; };
		AAD8BD5F219C223B00E61CBD /* UserHomePageController.swift in Sources */ = {isa = PBXBuildFile; fileRef = AAD8BCFB219C223A00E61CBD /* UserHomePageController.swift */; };
		AAD8BD60219C223B00E61CBD /* UserInfoHeader.swift in Sources */ = {isa = PBXBuildFile; fileRef = AAD8BCFC219C223A00E61CBD /* UserInfoHeader.swift */; };
		AAD8BD61219C223B00E61CBD /* AwemeCollectionCell.swift in Sources */ = {isa = PBXBuildFile; fileRef = AAD8BCFD219C223A00E61CBD /* AwemeCollectionCell.swift */; };
		AAD8BD62219C223B00E61CBD /* NetworkManager.swift in Sources */ = {isa = PBXBuildFile; fileRef = AAD8BCFF219C223A00E61CBD /* NetworkManager.swift */; };
		AAD8BD63219C223B00E61CBD /* WebSocketManger.swift in Sources */ = {isa = PBXBuildFile; fileRef = AAD8BD00219C223A00E61CBD /* WebSocketManger.swift */; };
		AAD8BD64219C223B00E61CBD /* BaseRequest.swift in Sources */ = {isa = PBXBuildFile; fileRef = AAD8BD02219C223A00E61CBD /* BaseRequest.swift */; };
		AAD8BD65219C223B00E61CBD /* PostGroupChatImageRequest.swift in Sources */ = {isa = PBXBuildFile; fileRef = AAD8BD03219C223A00E61CBD /* PostGroupChatImageRequest.swift */; };
		AAD8BD66219C223B00E61CBD /* AwemeListRequest.swift in Sources */ = {isa = PBXBuildFile; fileRef = AAD8BD04219C223A00E61CBD /* AwemeListRequest.swift */; };
		AAD8BD67219C223B00E61CBD /* PostCommentRequest.swift in Sources */ = {isa = PBXBuildFile; fileRef = AAD8BD05219C223A00E61CBD /* PostCommentRequest.swift */; };
		AAD8BD68219C223B00E61CBD /* DeleteCommentRequest.swift in Sources */ = {isa = PBXBuildFile; fileRef = AAD8BD06219C223A00E61CBD /* DeleteCommentRequest.swift */; };
		AAD8BD69219C223B00E61CBD /* UserRequest.swift in Sources */ = {isa = PBXBuildFile; fileRef = AAD8BD07219C223A00E61CBD /* UserRequest.swift */; };
		AAD8BD6A219C223B00E61CBD /* GroupChatListRequest.swift in Sources */ = {isa = PBXBuildFile; fileRef = AAD8BD08219C223A00E61CBD /* GroupChatListRequest.swift */; };
		AAD8BD6B219C223B00E61CBD /* PostGroupChatTextRequest.swift in Sources */ = {isa = PBXBuildFile; fileRef = AAD8BD09219C223A00E61CBD /* PostGroupChatTextRequest.swift */; };
		AAD8BD6C219C223B00E61CBD /* VisitorRequest.swift in Sources */ = {isa = PBXBuildFile; fileRef = AAD8BD0A219C223A00E61CBD /* VisitorRequest.swift */; };
		AAD8BD6D219C223B00E61CBD /* CommentListRequest.swift in Sources */ = {isa = PBXBuildFile; fileRef = AAD8BD0B219C223A00E61CBD /* CommentListRequest.swift */; };
		AAD8BD6E219C223B00E61CBD /* DeleteGroupChatRequest.swift in Sources */ = {isa = PBXBuildFile; fileRef = AAD8BD0C219C223A00E61CBD /* DeleteGroupChatRequest.swift */; };
		AAD8BD6F219C223B00E61CBD /* BaseResponse.swift in Sources */ = {isa = PBXBuildFile; fileRef = AAD8BD0E219C223A00E61CBD /* BaseResponse.swift */; };
		AAD8BD70219C223B00E61CBD /* GroupChatResponse.swift in Sources */ = {isa = PBXBuildFile; fileRef = AAD8BD0F219C223A00E61CBD /* GroupChatResponse.swift */; };
		AAD8BD71219C223B00E61CBD /* CommentListResponse.swift in Sources */ = {isa = PBXBuildFile; fileRef = AAD8BD10219C223B00E61CBD /* CommentListResponse.swift */; };
		AAD8BD72219C223B00E61CBD /* AwemeResponse.swift in Sources */ = {isa = PBXBuildFile; fileRef = AAD8BD11219C223B00E61CBD /* AwemeResponse.swift */; };
		AAD8BD73219C223B00E61CBD /* UserResponse.swift in Sources */ = {isa = PBXBuildFile; fileRef = AAD8BD12219C223B00E61CBD /* UserResponse.swift */; };
		AAD8BD74219C223B00E61CBD /* AwemeListResponse.swift in Sources */ = {isa = PBXBuildFile; fileRef = AAD8BD13219C223B00E61CBD /* AwemeListResponse.swift */; };
		AAD8BD75219C223B00E61CBD /* GroupChatListResponse.swift in Sources */ = {isa = PBXBuildFile; fileRef = AAD8BD14219C223B00E61CBD /* GroupChatListResponse.swift */; };
		AAD8BD76219C223B00E61CBD /* CommentResponse.swift in Sources */ = {isa = PBXBuildFile; fileRef = AAD8BD15219C223B00E61CBD /* CommentResponse.swift */; };
		AAD8BD77219C223B00E61CBD /* VisitorResponse.swift in Sources */ = {isa = PBXBuildFile; fileRef = AAD8BD16219C223B00E61CBD /* VisitorResponse.swift */; };
		AAD8BD78219C223B00E61CBD /* WebPQueueManager.swift in Sources */ = {isa = PBXBuildFile; fileRef = AAD8BD19219C223B00E61CBD /* WebPQueueManager.swift */; };
		AAD8BD79219C223B00E61CBD /* WebPImageView.swift in Sources */ = {isa = PBXBuildFile; fileRef = AAD8BD1A219C223B00E61CBD /* WebPImageView.swift */; };
		AAD8BD7A219C223B00E61CBD /* WebPImage.m in Sources */ = {isa = PBXBuildFile; fileRef = AAD8BD1B219C223B00E61CBD /* WebPImage.m */; };
		AAD8BD7B219C223B00E61CBD /* WebPImageOperation.swift in Sources */ = {isa = PBXBuildFile; fileRef = AAD8BD1C219C223B00E61CBD /* WebPImageOperation.swift */; };
		AAD8BD7C219C223B00E61CBD /* NSAttributedString+.swift in Sources */ = {isa = PBXBuildFile; fileRef = AAD8BD1E219C223B00E61CBD /* NSAttributedString+.swift */; };
		AAD8BD7D219C223B00E61CBD /* NSTextAttachment+Emotion.swift in Sources */ = {isa = PBXBuildFile; fileRef = AAD8BD1F219C223B00E61CBD /* NSTextAttachment+Emotion.swift */; };
		AAD8BD7E219C223B00E61CBD /* Array+.swift in Sources */ = {isa = PBXBuildFile; fileRef = AAD8BD20219C223B00E61CBD /* Array+.swift */; };
		AAD8BD7F219C223B00E61CBD /* UIImageView+WebCache.swift in Sources */ = {isa = PBXBuildFile; fileRef = AAD8BD21219C223B00E61CBD /* UIImageView+WebCache.swift */; };
		AAD8BD80219C223B00E61CBD /* String+.swift in Sources */ = {isa = PBXBuildFile; fileRef = AAD8BD22219C223B00E61CBD /* String+.swift */; };
		AAD8BD81219C223B00E61CBD /* UIWindow+.swift in Sources */ = {isa = PBXBuildFile; fileRef = AAD8BD23219C223B00E61CBD /* UIWindow+.swift */; };
		AAD8BD82219C223B00E61CBD /* Data+.swift in Sources */ = {isa = PBXBuildFile; fileRef = AAD8BD24219C223B00E61CBD /* Data+.swift */; };
		AAD8BD83219C223B00E61CBD /* Date+.swift in Sources */ = {isa = PBXBuildFile; fileRef = AAD8BD25219C223B00E61CBD /* Date+.swift */; };
		AAD8BD84219C223B00E61CBD /* UIImage+.swift in Sources */ = {isa = PBXBuildFile; fileRef = AAD8BD26219C223B00E61CBD /* UIImage+.swift */; };
		AAD8BD85219C223B00E61CBD /* UIApplication+.swift in Sources */ = {isa = PBXBuildFile; fileRef = AAD8BD27219C223B00E61CBD /* UIApplication+.swift */; };
		AAD8BD86219C223B00E61CBD /* Notification+.swift in Sources */ = {isa = PBXBuildFile; fileRef = AAD8BD28219C223B00E61CBD /* Notification+.swift */; };
		AAD8BD87219C223B00E61CBD /* Constants.swift in Sources */ = {isa = PBXBuildFile; fileRef = AAD8BD2A219C223B00E61CBD /* Constants.swift */; };
		EF88EEEEB1C87E11E782CF2E /* Pods_MicroLiveTests.framework in Frameworks */ = {isa = PBXBuildFile; fileRef = C5A13AB96752041EC18BD314 /* Pods_MicroLiveTests.framework */; };
/* End PBXBuildFile section */

/* Begin PBXContainerItemProxy section */
		AAD8BCA1219C025000E61CBD /* PBXContainerItemProxy */ = {
			isa = PBXContainerItemProxy;
			containerPortal = AAD8BC81219C024D00E61CBD /* Project object */;
			proxyType = 1;
			remoteGlobalIDString = AAD8BC88219C024D00E61CBD;
			remoteInfo = MicroLive;
		};
		AAD8BCAC219C025000E61CBD /* PBXContainerItemProxy */ = {
			isa = PBXContainerItemProxy;
			containerPortal = AAD8BC81219C024D00E61CBD /* Project object */;
			proxyType = 1;
			remoteGlobalIDString = AAD8BC88219C024D00E61CBD;
			remoteInfo = MicroLive;
		};
/* End PBXContainerItemProxy section */

/* Begin PBXFileReference section */
		3345FB569091822EB03E471B /* Pods-MicroLive.release.xcconfig */ = {isa = PBXFileReference; includeInIndex = 1; lastKnownFileType = text.xcconfig; name = "Pods-MicroLive.release.xcconfig"; path = "Pods/Target Support Files/Pods-MicroLive/Pods-MicroLive.release.xcconfig"; sourceTree = "<group>"; };
		3C090CF4918DF3A9659378B7 /* Pods-MicroLiveTests.debug.xcconfig */ = {isa = PBXFileReference; includeInIndex = 1; lastKnownFileType = text.xcconfig; name = "Pods-MicroLiveTests.debug.xcconfig"; path = "Pods/Target Support Files/Pods-MicroLiveTests/Pods-MicroLiveTests.debug.xcconfig"; sourceTree = "<group>"; };
		4C84E0FFF94BC8BDA642DC32 /* Pods-MicroLiveUITests.debug.xcconfig */ = {isa = PBXFileReference; includeInIndex = 1; lastKnownFileType = text.xcconfig; name = "Pods-MicroLiveUITests.debug.xcconfig"; path = "Pods/Target Support Files/Pods-MicroLiveUITests/Pods-MicroLiveUITests.debug.xcconfig"; sourceTree = "<group>"; };
		5350B9A7D38222C67FAAF4D3 /* Pods-MicroLiveUITests.release.xcconfig */ = {isa = PBXFileReference; includeInIndex = 1; lastKnownFileType = text.xcconfig; name = "Pods-MicroLiveUITests.release.xcconfig"; path = "Pods/Target Support Files/Pods-MicroLiveUITests/Pods-MicroLiveUITests.release.xcconfig"; sourceTree = "<group>"; };
		79D28D2A64AB6FF94641979C /* Pods-MicroLiveTests.release.xcconfig */ = {isa = PBXFileReference; includeInIndex = 1; lastKnownFileType = text.xcconfig; name = "Pods-MicroLiveTests.release.xcconfig"; path = "Pods/Target Support Files/Pods-MicroLiveTests/Pods-MicroLiveTests.release.xcconfig"; sourceTree = "<group>"; };
		99C6E7B912CE99E8CA302914 /* Pods_MicroLiveUITests.framework */ = {isa = PBXFileReference; explicitFileType = wrapper.framework; includeInIndex = 0; path = Pods_MicroLiveUITests.framework; sourceTree = BUILT_PRODUCTS_DIR; };
		A2103015563270935F591B2C /* Pods-MicroLive.debug.xcconfig */ = {isa = PBXFileReference; includeInIndex = 1; lastKnownFileType = text.xcconfig; name = "Pods-MicroLive.debug.xcconfig"; path = "Pods/Target Support Files/Pods-MicroLive/Pods-MicroLive.debug.xcconfig"; sourceTree = "<group>"; };
		AAD8BC89219C024D00E61CBD /* MicroLive.app */ = {isa = PBXFileReference; explicitFileType = wrapper.application; includeInIndex = 0; path = MicroLive.app; sourceTree = BUILT_PRODUCTS_DIR; };
		AAD8BC8C219C024D00E61CBD /* AppDelegate.swift */ = {isa = PBXFileReference; lastKnownFileType = sourcecode.swift; path = AppDelegate.swift; sourceTree = "<group>"; };
		AAD8BC8E219C024D00E61CBD /* ViewController.swift */ = {isa = PBXFileReference; lastKnownFileType = sourcecode.swift; path = ViewController.swift; sourceTree = "<group>"; };
		AAD8BC91219C024D00E61CBD /* Base */ = {isa = PBXFileReference; lastKnownFileType = file.storyboard; name = Base; path = Base.lproj/Main.storyboard; sourceTree = "<group>"; };
		AAD8BC94219C024D00E61CBD /* MicroLive.xcdatamodel */ = {isa = PBXFileReference; lastKnownFileType = wrapper.xcdatamodel; path = MicroLive.xcdatamodel; sourceTree = "<group>"; };
		AAD8BC99219C025000E61CBD /* Base */ = {isa = PBXFileReference; lastKnownFileType = file.storyboard; name = Base; path = Base.lproj/LaunchScreen.storyboard; sourceTree = "<group>"; };
		AAD8BC9B219C025000E61CBD /* Info.plist */ = {isa = PBXFileReference; lastKnownFileType = text.plist.xml; path = Info.plist; sourceTree = "<group>"; };
		AAD8BCA0219C025000E61CBD /* MicroLiveTests.xctest */ = {isa = PBXFileReference; explicitFileType = wrapper.cfbundle; includeInIndex = 0; path = MicroLiveTests.xctest; sourceTree = BUILT_PRODUCTS_DIR; };
		AAD8BCA4219C025000E61CBD /* MicroLiveTests.swift */ = {isa = PBXFileReference; lastKnownFileType = sourcecode.swift; path = MicroLiveTests.swift; sourceTree = "<group>"; };
		AAD8BCA6219C025000E61CBD /* Info.plist */ = {isa = PBXFileReference; lastKnownFileType = text.plist.xml; path = Info.plist; sourceTree = "<group>"; };
		AAD8BCAB219C025000E61CBD /* MicroLiveUITests.xctest */ = {isa = PBXFileReference; explicitFileType = wrapper.cfbundle; includeInIndex = 0; path = MicroLiveUITests.xctest; sourceTree = BUILT_PRODUCTS_DIR; };
		AAD8BCAF219C025000E61CBD /* MicroLiveUITests.swift */ = {isa = PBXFileReference; lastKnownFileType = sourcecode.swift; path = MicroLiveUITests.swift; sourceTree = "<group>"; };
		AAD8BCB1219C025000E61CBD /* Info.plist */ = {isa = PBXFileReference; lastKnownFileType = text.plist.xml; path = Info.plist; sourceTree = "<group>"; };
		AAD8BCBE219C223700E61CBD /* WebCombineOperation.swift */ = {isa = PBXFileReference; fileEncoding = 4; lastKnownFileType = sourcecode.swift; path = WebCombineOperation.swift; sourceTree = "<group>"; };
		AAD8BCBF219C223700E61CBD /* WebDownloader.swift */ = {isa = PBXFileReference; fileEncoding = 4; lastKnownFileType = sourcecode.swift; path = WebDownloader.swift; sourceTree = "<group>"; };
		AAD8BCC0219C223700E61CBD /* WebCacheManager.swift */ = {isa = PBXFileReference; fileEncoding = 4; lastKnownFileType = sourcecode.swift; path = WebCacheManager.swift; sourceTree = "<group>"; };
		AAD8BCC1219C223700E61CBD /* WebDownloadOperation.swift */ = {isa = PBXFileReference; fileEncoding = 4; lastKnownFileType = sourcecode.swift; path = WebDownloadOperation.swift; sourceTree = "<group>"; };
		AAD8BCC3219C223900E61CBD /* comments.json */ = {isa = PBXFileReference; fileEncoding = 4; lastKnownFileType = text.json; path = comments.json; sourceTree = "<group>"; };
		AAD8BCC4219C223900E61CBD /* Assets.xcassets */ = {isa = PBXFileReference; lastKnownFileType = folder.assetcatalog; path = Assets.xcassets; sourceTree = "<group>"; };
		AAD8BCC5219C223900E61CBD /* Emoticons.bundle */ = {isa = PBXFileReference; lastKnownFileType = "wrapper.plug-in"; path = Emoticons.bundle; sourceTree = "<group>"; };
		AAD8BCC6219C223900E61CBD /* user.json */ = {isa = PBXFileReference; fileEncoding = 4; lastKnownFileType = text.json; path = user.json; sourceTree = "<group>"; };
		AAD8BCC7219C223900E61CBD /* groupchats.json */ = {isa = PBXFileReference; fileEncoding = 4; lastKnownFileType = text.json; path = groupchats.json; sourceTree = "<group>"; };
		AAD8BCC8219C223900E61CBD /* favorites.json */ = {isa = PBXFileReference; fileEncoding = 4; lastKnownFileType = text.json; path = favorites.json; sourceTree = "<group>"; };
		AAD8BCC9219C223900E61CBD /* awemes.json */ = {isa = PBXFileReference; fileEncoding = 4; lastKnownFileType = text.json; path = awemes.json; sourceTree = "<group>"; };
		AAD8BCCA219C223900E61CBD /* emotion.json */ = {isa = PBXFileReference; fileEncoding = 4; lastKnownFileType = text.json; path = emotion.json; sourceTree = "<group>"; };
		AAD8BCCC219C223A00E61CBD /* Visitor.swift */ = {isa = PBXFileReference; fileEncoding = 4; lastKnownFileType = sourcecode.swift; path = Visitor.swift; sourceTree = "<group>"; };
		AAD8BCCD219C223A00E61CBD /* Music.swift */ = {isa = PBXFileReference; fileEncoding = 4; lastKnownFileType = sourcecode.swift; path = Music.swift; sourceTree = "<group>"; };
		AAD8BCCE219C223A00E61CBD /* PictureInfo.swift */ = {isa = PBXFileReference; fileEncoding = 4; lastKnownFileType = sourcecode.swift; path = PictureInfo.swift; sourceTree = "<group>"; };
		AAD8BCCF219C223A00E61CBD /* Comment.swift */ = {isa = PBXFileReference; fileEncoding = 4; lastKnownFileType = sourcecode.swift; path = Comment.swift; sourceTree = "<group>"; };
		AAD8BCD0219C223A00E61CBD /* User.swift */ = {isa = PBXFileReference; fileEncoding = 4; lastKnownFileType = sourcecode.swift; path = User.swift; sourceTree = "<group>"; };
		AAD8BCD1219C223A00E61CBD /* BaseModel.swift */ = {isa = PBXFileReference; fileEncoding = 4; lastKnownFileType = sourcecode.swift; path = BaseModel.swift; sourceTree = "<group>"; };
		AAD8BCD2219C223A00E61CBD /* GroupChat.swift */ = {isa = PBXFileReference; fileEncoding = 4; lastKnownFileType = sourcecode.swift; path = GroupChat.swift; sourceTree = "<group>"; };
		AAD8BCD3219C223A00E61CBD /* Video.swift */ = {isa = PBXFileReference; fileEncoding = 4; lastKnownFileType = sourcecode.swift; path = Video.swift; sourceTree = "<group>"; };
		AAD8BCD4219C223A00E61CBD /* Aweme.swift */ = {isa = PBXFileReference; fileEncoding = 4; lastKnownFileType = sourcecode.swift; path = Aweme.swift; sourceTree = "<group>"; };
		AAD8BCD6219C223A00E61CBD /* PhotoView.swift */ = {isa = PBXFileReference; fileEncoding = 4; lastKnownFileType = sourcecode.swift; path = PhotoView.swift; sourceTree = "<group>"; };
		AAD8BCD7219C223A00E61CBD /* RefreshControl.swift */ = {isa = PBXFileReference; fileEncoding = 4; lastKnownFileType = sourcecode.swift; path = RefreshControl.swift; sourceTree = "<group>"; };
		AAD8BCD8219C223A00E61CBD /* CircleProgress.swift */ = {isa = PBXFileReference; fileEncoding = 4; lastKnownFileType = sourcecode.swift; path = CircleProgress.swift; sourceTree = "<group>"; };
		AAD8BCD9219C223A00E61CBD /* BaseViewController.swift */ = {isa = PBXFileReference; fileEncoding = 4; lastKnownFileType = sourcecode.swift; path = BaseViewController.swift; sourceTree = "<group>"; };
		AAD8BCDB219C223A00E61CBD /* EmotionSelector.swift */ = {isa = PBXFileReference; fileEncoding = 4; lastKnownFileType = sourcecode.swift; path = EmotionSelector.swift; sourceTree = "<group>"; };
		AAD8BCDC219C223A00E61CBD /* ChatListController.swift */ = {isa = PBXFileReference; fileEncoding = 4; lastKnownFileType = sourcecode.swift; path = ChatListController.swift; sourceTree = "<group>"; };
		AAD8BCDD219C223A00E61CBD /* TextMessageCell.swift */ = {isa = PBXFileReference; fileEncoding = 4; lastKnownFileType = sourcecode.swift; path = TextMessageCell.swift; sourceTree = "<group>"; };
		AAD8BCDE219C223A00E61CBD /* SystemMessageCell.swift */ = {isa = PBXFileReference; fileEncoding = 4; lastKnownFileType = sourcecode.swift; path = SystemMessageCell.swift; sourceTree = "<group>"; };
		AAD8BCDF219C223A00E61CBD /* ImageMessageCell.swift */ = {isa = PBXFileReference; fileEncoding = 4; lastKnownFileType = sourcecode.swift; path = ImageMessageCell.swift; sourceTree = "<group>"; };
		AAD8BCE0219C223A00E61CBD /* TimeCell.swift */ = {isa = PBXFileReference; fileEncoding = 4; lastKnownFileType = sourcecode.swift; path = TimeCell.swift; sourceTree = "<group>"; };
		AAD8BCE1219C223A00E61CBD /* PhotoSelector.swift */ = {isa = PBXFileReference; fileEncoding = 4; lastKnownFileType = sourcecode.swift; path = PhotoSelector.swift; sourceTree = "<group>"; };
		AAD8BCE2219C223A00E61CBD /* ChatTextView.swift */ = {isa = PBXFileReference; fileEncoding = 4; lastKnownFileType = sourcecode.swift; path = ChatTextView.swift; sourceTree = "<group>"; };
		AAD8BCE4219C223A00E61CBD /* EmotionHelper.swift */ = {isa = PBXFileReference; fileEncoding = 4; lastKnownFileType = sourcecode.swift; path = EmotionHelper.swift; sourceTree = "<group>"; };
		AAD8BCE6219C223A00E61CBD /* FocusView.swift */ = {isa = PBXFileReference; fileEncoding = 4; lastKnownFileType = sourcecode.swift; path = FocusView.swift; sourceTree = "<group>"; };
		AAD8BCE7219C223A00E61CBD /* FavoriteView.swift */ = {isa = PBXFileReference; fileEncoding = 4; lastKnownFileType = sourcecode.swift; path = FavoriteView.swift; sourceTree = "<group>"; };
		AAD8BCE8219C223A00E61CBD /* HoverTextView.swift */ = {isa = PBXFileReference; fileEncoding = 4; lastKnownFileType = sourcecode.swift; path = HoverTextView.swift; sourceTree = "<group>"; };
		AAD8BCE9219C223A00E61CBD /* AwemeListCell.swift */ = {isa = PBXFileReference; fileEncoding = 4; lastKnownFileType = sourcecode.swift; path = AwemeListCell.swift; sourceTree = "<group>"; };
		AAD8BCEB219C223A00E61CBD /* AVPlayerView.swift */ = {isa = PBXFileReference; fileEncoding = 4; lastKnownFileType = sourcecode.swift; path = AVPlayerView.swift; sourceTree = "<group>"; };
		AAD8BCEC219C223A00E61CBD /* AVPlayerManager.swift */ = {isa = PBXFileReference; fileEncoding = 4; lastKnownFileType = sourcecode.swift; path = AVPlayerManager.swift; sourceTree = "<group>"; };
		AAD8BCED219C223A00E61CBD /* CommentsPopView.swift */ = {isa = PBXFileReference; fileEncoding = 4; lastKnownFileType = sourcecode.swift; path = CommentsPopView.swift; sourceTree = "<group>"; };
		AAD8BCEE219C223A00E61CBD /* MusicAlbumView.swift */ = {isa = PBXFileReference; fileEncoding = 4; lastKnownFileType = sourcecode.swift; path = MusicAlbumView.swift; sourceTree = "<group>"; };
		AAD8BCEF219C223A00E61CBD /* AwemeListController.swift */ = {isa = PBXFileReference; fileEncoding = 4; lastKnownFileType = sourcecode.swift; path = AwemeListController.swift; sourceTree = "<group>"; };
		AAD8BCF0219C223A00E61CBD /* CircleTextView.swift */ = {isa = PBXFileReference; fileEncoding = 4; lastKnownFileType = sourcecode.swift; path = CircleTextView.swift; sourceTree = "<group>"; };
		AAD8BCF1219C223A00E61CBD /* SharePopView.swift */ = {isa = PBXFileReference; fileEncoding = 4; lastKnownFileType = sourcecode.swift; path = SharePopView.swift; sourceTree = "<group>"; };
		AAD8BCF3219C223A00E61CBD /* SwipeLeftInteractiveTransition.swift */ = {isa = PBXFileReference; fileEncoding = 4; lastKnownFileType = sourcecode.swift; path = SwipeLeftInteractiveTransition.swift; sourceTree = "<group>"; };
		AAD8BCF4219C223A00E61CBD /* ScalePresentAnimation.swift */ = {isa = PBXFileReference; fileEncoding = 4; lastKnownFileType = sourcecode.swift; path = ScalePresentAnimation.swift; sourceTree = "<group>"; };
		AAD8BCF5219C223A00E61CBD /* ScaleDismissAnimation.swift */ = {isa = PBXFileReference; fileEncoding = 4; lastKnownFileType = sourcecode.swift; path = ScaleDismissAnimation.swift; sourceTree = "<group>"; };
		AAD8BCF6219C223A00E61CBD /* LoadMoreControl.swift */ = {isa = PBXFileReference; fileEncoding = 4; lastKnownFileType = sourcecode.swift; path = LoadMoreControl.swift; sourceTree = "<group>"; };
		AAD8BCF7219C223A00E61CBD /* MenuPopView.swift */ = {isa = PBXFileReference; fileEncoding = 4; lastKnownFileType = sourcecode.swift; path = MenuPopView.swift; sourceTree = "<group>"; };
		AAD8BCF9219C223A00E61CBD /* SlideTabBarFooter.swift */ = {isa = PBXFileReference; fileEncoding = 4; lastKnownFileType = sourcecode.swift; path = SlideTabBarFooter.swift; sourceTree = "<group>"; };
		AAD8BCFA219C223A00E61CBD /* HoverViewFlowLayout.swift */ = {isa = PBXFileReference; fileEncoding = 4; lastKnownFileType = sourcecode.swift; path = HoverViewFlowLayout.swift; sourceTree = "<group>"; };
		AAD8BCFB219C223A00E61CBD /* UserHomePageController.swift */ = {isa = PBXFileReference; fileEncoding = 4; lastKnownFileType = sourcecode.swift; path = UserHomePageController.swift; sourceTree = "<group>"; };
		AAD8BCFC219C223A00E61CBD /* UserInfoHeader.swift */ = {isa = PBXFileReference; fileEncoding = 4; lastKnownFileType = sourcecode.swift; path = UserInfoHeader.swift; sourceTree = "<group>"; };
		AAD8BCFD219C223A00E61CBD /* AwemeCollectionCell.swift */ = {isa = PBXFileReference; fileEncoding = 4; lastKnownFileType = sourcecode.swift; path = AwemeCollectionCell.swift; sourceTree = "<group>"; };
		AAD8BCFF219C223A00E61CBD /* NetworkManager.swift */ = {isa = PBXFileReference; fileEncoding = 4; lastKnownFileType = sourcecode.swift; path = NetworkManager.swift; sourceTree = "<group>"; };
		AAD8BD00219C223A00E61CBD /* WebSocketManger.swift */ = {isa = PBXFileReference; fileEncoding = 4; lastKnownFileType = sourcecode.swift; path = WebSocketManger.swift; sourceTree = "<group>"; };
		AAD8BD02219C223A00E61CBD /* BaseRequest.swift */ = {isa = PBXFileReference; fileEncoding = 4; lastKnownFileType = sourcecode.swift; path = BaseRequest.swift; sourceTree = "<group>"; };
		AAD8BD03219C223A00E61CBD /* PostGroupChatImageRequest.swift */ = {isa = PBXFileReference; fileEncoding = 4; lastKnownFileType = sourcecode.swift; path = PostGroupChatImageRequest.swift; sourceTree = "<group>"; };
		AAD8BD04219C223A00E61CBD /* AwemeListRequest.swift */ = {isa = PBXFileReference; fileEncoding = 4; lastKnownFileType = sourcecode.swift; path = AwemeListRequest.swift; sourceTree = "<group>"; };
		AAD8BD05219C223A00E61CBD /* PostCommentRequest.swift */ = {isa = PBXFileReference; fileEncoding = 4; lastKnownFileType = sourcecode.swift; path = PostCommentRequest.swift; sourceTree = "<group>"; };
		AAD8BD06219C223A00E61CBD /* DeleteCommentRequest.swift */ = {isa = PBXFileReference; fileEncoding = 4; lastKnownFileType = sourcecode.swift; path = DeleteCommentRequest.swift; sourceTree = "<group>"; };
		AAD8BD07219C223A00E61CBD /* UserRequest.swift */ = {isa = PBXFileReference; fileEncoding = 4; lastKnownFileType = sourcecode.swift; path = UserRequest.swift; sourceTree = "<group>"; };
		AAD8BD08219C223A00E61CBD /* GroupChatListRequest.swift */ = {isa = PBXFileReference; fileEncoding = 4; lastKnownFileType = sourcecode.swift; path = GroupChatListRequest.swift; sourceTree = "<group>"; };
		AAD8BD09219C223A00E61CBD /* PostGroupChatTextRequest.swift */ = {isa = PBXFileReference; fileEncoding = 4; lastKnownFileType = sourcecode.swift; path = PostGroupChatTextRequest.swift; sourceTree = "<group>"; };
		AAD8BD0A219C223A00E61CBD /* VisitorRequest.swift */ = {isa = PBXFileReference; fileEncoding = 4; lastKnownFileType = sourcecode.swift; path = VisitorRequest.swift; sourceTree = "<group>"; };
		AAD8BD0B219C223A00E61CBD /* CommentListRequest.swift */ = {isa = PBXFileReference; fileEncoding = 4; lastKnownFileType = sourcecode.swift; path = CommentListRequest.swift; sourceTree = "<group>"; };
		AAD8BD0C219C223A00E61CBD /* DeleteGroupChatRequest.swift */ = {isa = PBXFileReference; fileEncoding = 4; lastKnownFileType = sourcecode.swift; path = DeleteGroupChatRequest.swift; sourceTree = "<group>"; };
		AAD8BD0E219C223A00E61CBD /* BaseResponse.swift */ = {isa = PBXFileReference; fileEncoding = 4; lastKnownFileType = sourcecode.swift; path = BaseResponse.swift; sourceTree = "<group>"; };
		AAD8BD0F219C223A00E61CBD /* GroupChatResponse.swift */ = {isa = PBXFileReference; fileEncoding = 4; lastKnownFileType = sourcecode.swift; path = GroupChatResponse.swift; sourceTree = "<group>"; };
		AAD8BD10219C223B00E61CBD /* CommentListResponse.swift */ = {isa = PBXFileReference; fileEncoding = 4; lastKnownFileType = sourcecode.swift; path = CommentListResponse.swift; sourceTree = "<group>"; };
		AAD8BD11219C223B00E61CBD /* AwemeResponse.swift */ = {isa = PBXFileReference; fileEncoding = 4; lastKnownFileType = sourcecode.swift; path = AwemeResponse.swift; sourceTree = "<group>"; };
		AAD8BD12219C223B00E61CBD /* UserResponse.swift */ = {isa = PBXFileReference; fileEncoding = 4; lastKnownFileType = sourcecode.swift; path = UserResponse.swift; sourceTree = "<group>"; };
		AAD8BD13219C223B00E61CBD /* AwemeListResponse.swift */ = {isa = PBXFileReference; fileEncoding = 4; lastKnownFileType = sourcecode.swift; path = AwemeListResponse.swift; sourceTree = "<group>"; };
		AAD8BD14219C223B00E61CBD /* GroupChatListResponse.swift */ = {isa = PBXFileReference; fileEncoding = 4; lastKnownFileType = sourcecode.swift; path = GroupChatListResponse.swift; sourceTree = "<group>"; };
		AAD8BD15219C223B00E61CBD /* CommentResponse.swift */ = {isa = PBXFileReference; fileEncoding = 4; lastKnownFileType = sourcecode.swift; path = CommentResponse.swift; sourceTree = "<group>"; };
		AAD8BD16219C223B00E61CBD /* VisitorResponse.swift */ = {isa = PBXFileReference; fileEncoding = 4; lastKnownFileType = sourcecode.swift; path = VisitorResponse.swift; sourceTree = "<group>"; };
		AAD8BD18219C223B00E61CBD /* WebPImage.h */ = {isa = PBXFileReference; fileEncoding = 4; lastKnownFileType = sourcecode.c.h; path = WebPImage.h; sourceTree = "<group>"; };
		AAD8BD19219C223B00E61CBD /* WebPQueueManager.swift */ = {isa = PBXFileReference; fileEncoding = 4; lastKnownFileType = sourcecode.swift; path = WebPQueueManager.swift; sourceTree = "<group>"; };
		AAD8BD1A219C223B00E61CBD /* WebPImageView.swift */ = {isa = PBXFileReference; fileEncoding = 4; lastKnownFileType = sourcecode.swift; path = WebPImageView.swift; sourceTree = "<group>"; };
		AAD8BD1B219C223B00E61CBD /* WebPImage.m */ = {isa = PBXFileReference; fileEncoding = 4; lastKnownFileType = sourcecode.c.objc; path = WebPImage.m; sourceTree = "<group>"; };
		AAD8BD1C219C223B00E61CBD /* WebPImageOperation.swift */ = {isa = PBXFileReference; fileEncoding = 4; lastKnownFileType = sourcecode.swift; path = WebPImageOperation.swift; sourceTree = "<group>"; };
		AAD8BD1E219C223B00E61CBD /* NSAttributedString+.swift */ = {isa = PBXFileReference; fileEncoding = 4; lastKnownFileType = sourcecode.swift; path = "NSAttributedString+.swift"; sourceTree = "<group>"; };
		AAD8BD1F219C223B00E61CBD /* NSTextAttachment+Emotion.swift */ = {isa = PBXFileReference; fileEncoding = 4; lastKnownFileType = sourcecode.swift; path = "NSTextAttachment+Emotion.swift"; sourceTree = "<group>"; };
		AAD8BD20219C223B00E61CBD /* Array+.swift */ = {isa = PBXFileReference; fileEncoding = 4; lastKnownFileType = sourcecode.swift; path = "Array+.swift"; sourceTree = "<group>"; };
		AAD8BD21219C223B00E61CBD /* UIImageView+WebCache.swift */ = {isa = PBXFileReference; fileEncoding = 4; lastKnownFileType = sourcecode.swift; path = "UIImageView+WebCache.swift"; sourceTree = "<group>"; };
		AAD8BD22219C223B00E61CBD /* String+.swift */ = {isa = PBXFileReference; fileEncoding = 4; lastKnownFileType = sourcecode.swift; path = "String+.swift"; sourceTree = "<group>"; };
		AAD8BD23219C223B00E61CBD /* UIWindow+.swift */ = {isa = PBXFileReference; fileEncoding = 4; lastKnownFileType = sourcecode.swift; path = "UIWindow+.swift"; sourceTree = "<group>"; };
		AAD8BD24219C223B00E61CBD /* Data+.swift */ = {isa = PBXFileReference; fileEncoding = 4; lastKnownFileType = sourcecode.swift; path = "Data+.swift"; sourceTree = "<group>"; };
		AAD8BD25219C223B00E61CBD /* Date+.swift */ = {isa = PBXFileReference; fileEncoding = 4; lastKnownFileType = sourcecode.swift; path = "Date+.swift"; sourceTree = "<group>"; };
		AAD8BD26219C223B00E61CBD /* UIImage+.swift */ = {isa = PBXFileReference; fileEncoding = 4; lastKnownFileType = sourcecode.swift; path = "UIImage+.swift"; sourceTree = "<group>"; };
		AAD8BD27219C223B00E61CBD /* UIApplication+.swift */ = {isa = PBXFileReference; fileEncoding = 4; lastKnownFileType = sourcecode.swift; path = "UIApplication+.swift"; sourceTree = "<group>"; };
		AAD8BD28219C223B00E61CBD /* Notification+.swift */ = {isa = PBXFileReference; fileEncoding = 4; lastKnownFileType = sourcecode.swift; path = "Notification+.swift"; sourceTree = "<group>"; };
		AAD8BD2A219C223B00E61CBD /* Constants.swift */ = {isa = PBXFileReference; fileEncoding = 4; lastKnownFileType = sourcecode.swift; path = Constants.swift; sourceTree = "<group>"; };
		AAD8BD88219C386700E61CBD /* Douyin+bridging+Header.h */ = {isa = PBXFileReference; fileEncoding = 4; lastKnownFileType = sourcecode.c.h; path = "Douyin+bridging+Header.h"; sourceTree = "<group>"; };
		C5A13AB96752041EC18BD314 /* Pods_MicroLiveTests.framework */ = {isa = PBXFileReference; explicitFileType = wrapper.framework; includeInIndex = 0; path = Pods_MicroLiveTests.framework; sourceTree = BUILT_PRODUCTS_DIR; };
		CEDC44F62E3D0FC80B4B2A37 /* Pods_MicroLive.framework */ = {isa = PBXFileReference; explicitFileType = wrapper.framework; includeInIndex = 0; path = Pods_MicroLive.framework; sourceTree = BUILT_PRODUCTS_DIR; };
/* End PBXFileReference section */

/* Begin PBXFrameworksBuildPhase section */
		AAD8BC86219C024D00E61CBD /* Frameworks */ = {
			isa = PBXFrameworksBuildPhase;
			buildActionMask = 2147483647;
			files = (
				32122271AC2B114D87DE3EE4 /* Pods_MicroLive.framework in Frameworks */,
			);
			runOnlyForDeploymentPostprocessing = 0;
		};
		AAD8BC9D219C025000E61CBD /* Frameworks */ = {
			isa = PBXFrameworksBuildPhase;
			buildActionMask = 2147483647;
			files = (
				EF88EEEEB1C87E11E782CF2E /* Pods_MicroLiveTests.framework in Frameworks */,
			);
			runOnlyForDeploymentPostprocessing = 0;
		};
		AAD8BCA8219C025000E61CBD /* Frameworks */ = {
			isa = PBXFrameworksBuildPhase;
			buildActionMask = 2147483647;
			files = (
				51F4C39627B6C5C982E44A09 /* Pods_MicroLiveUITests.framework in Frameworks */,
			);
			runOnlyForDeploymentPostprocessing = 0;
		};
/* End PBXFrameworksBuildPhase section */

/* Begin PBXGroup section */
		1817198116C57C97B6AD6624 /* Frameworks */ = {
			isa = PBXGroup;
			children = (
				CEDC44F62E3D0FC80B4B2A37 /* Pods_MicroLive.framework */,
				C5A13AB96752041EC18BD314 /* Pods_MicroLiveTests.framework */,
				99C6E7B912CE99E8CA302914 /* Pods_MicroLiveUITests.framework */,
			);
			name = Frameworks;
			sourceTree = "<group>";
		};
		AAD8BC80219C024D00E61CBD = {
			isa = PBXGroup;
			children = (
				AAD8BC8B219C024D00E61CBD /* MicroLive */,
				AAD8BCA3219C025000E61CBD /* MicroLiveTests */,
				AAD8BCAE219C025000E61CBD /* MicroLiveUITests */,
				AAD8BC8A219C024D00E61CBD /* Products */,
				B11D46ECCF1DB503C7CE4AF8 /* Pods */,
				1817198116C57C97B6AD6624 /* Frameworks */,
			);
			sourceTree = "<group>";
		};
		AAD8BC8A219C024D00E61CBD /* Products */ = {
			isa = PBXGroup;
			children = (
				AAD8BC89219C024D00E61CBD /* MicroLive.app */,
				AAD8BCA0219C025000E61CBD /* MicroLiveTests.xctest */,
				AAD8BCAB219C025000E61CBD /* MicroLiveUITests.xctest */,
			);
			name = Products;
			sourceTree = "<group>";
		};
		AAD8BC8B219C024D00E61CBD /* MicroLive */ = {
			isa = PBXGroup;
			children = (
				AAD8BCD5219C223A00E61CBD /* Controller */,
				AAD8BCCB219C223A00E61CBD /* Entity */,
				AAD8BD1D219C223B00E61CBD /* Extension */,
				AAD8BCFE219C223A00E61CBD /* Network */,
				AAD8BCC2219C223900E61CBD /* Resource */,
				AAD8BD29219C223B00E61CBD /* Utils */,
				AAD8BCBD219C223700E61CBD /* WebCache */,
				AAD8BD17219C223B00E61CBD /* WebP */,
				AAD8BC8C219C024D00E61CBD /* AppDelegate.swift */,
				AAD8BC8E219C024D00E61CBD /* ViewController.swift */,
				AAD8BC90219C024D00E61CBD /* Main.storyboard */,
				AAD8BC98219C025000E61CBD /* LaunchScreen.storyboard */,
				AAD8BC9B219C025000E61CBD /* Info.plist */,
				AAD8BC93219C024D00E61CBD /* MicroLive.xcdatamodeld */,
				AAD8BD88219C386700E61CBD /* Douyin+bridging+Header.h */,
			);
			path = MicroLive;
			sourceTree = "<group>";
		};
		AAD8BCA3219C025000E61CBD /* MicroLiveTests */ = {
			isa = PBXGroup;
			children = (
				AAD8BCA4219C025000E61CBD /* MicroLiveTests.swift */,
				AAD8BCA6219C025000E61CBD /* Info.plist */,
			);
			path = MicroLiveTests;
			sourceTree = "<group>";
		};
		AAD8BCAE219C025000E61CBD /* MicroLiveUITests */ = {
			isa = PBXGroup;
			children = (
				AAD8BCAF219C025000E61CBD /* MicroLiveUITests.swift */,
				AAD8BCB1219C025000E61CBD /* Info.plist */,
			);
			path = MicroLiveUITests;
			sourceTree = "<group>";
		};
		AAD8BCBD219C223700E61CBD /* WebCache */ = {
			isa = PBXGroup;
			children = (
				AAD8BCBE219C223700E61CBD /* WebCombineOperation.swift */,
				AAD8BCBF219C223700E61CBD /* WebDownloader.swift */,
				AAD8BCC0219C223700E61CBD /* WebCacheManager.swift */,
				AAD8BCC1219C223700E61CBD /* WebDownloadOperation.swift */,
			);
			path = WebCache;
			sourceTree = "<group>";
		};
		AAD8BCC2219C223900E61CBD /* Resource */ = {
			isa = PBXGroup;
			children = (
				AAD8BCC3219C223900E61CBD /* comments.json */,
				AAD8BCC4219C223900E61CBD /* Assets.xcassets */,
				AAD8BCC5219C223900E61CBD /* Emoticons.bundle */,
				AAD8BCC6219C223900E61CBD /* user.json */,
				AAD8BCC7219C223900E61CBD /* groupchats.json */,
				AAD8BCC8219C223900E61CBD /* favorites.json */,
				AAD8BCC9219C223900E61CBD /* awemes.json */,
				AAD8BCCA219C223900E61CBD /* emotion.json */,
			);
			path = Resource;
			sourceTree = "<group>";
		};
		AAD8BCCB219C223A00E61CBD /* Entity */ = {
			isa = PBXGroup;
			children = (
				AAD8BCCC219C223A00E61CBD /* Visitor.swift */,
				AAD8BCCD219C223A00E61CBD /* Music.swift */,
				AAD8BCCE219C223A00E61CBD /* PictureInfo.swift */,
				AAD8BCCF219C223A00E61CBD /* Comment.swift */,
				AAD8BCD0219C223A00E61CBD /* User.swift */,
				AAD8BCD1219C223A00E61CBD /* BaseModel.swift */,
				AAD8BCD2219C223A00E61CBD /* GroupChat.swift */,
				AAD8BCD3219C223A00E61CBD /* Video.swift */,
				AAD8BCD4219C223A00E61CBD /* Aweme.swift */,
			);
			path = Entity;
			sourceTree = "<group>";
		};
		AAD8BCD5219C223A00E61CBD /* Controller */ = {
			isa = PBXGroup;
			children = (
				AAD8BCD6219C223A00E61CBD /* PhotoView.swift */,
				AAD8BCD7219C223A00E61CBD /* RefreshControl.swift */,
				AAD8BCD8219C223A00E61CBD /* CircleProgress.swift */,
				AAD8BCD9219C223A00E61CBD /* BaseViewController.swift */,
				AAD8BCDA219C223A00E61CBD /* GroupChat */,
				AAD8BCE5219C223A00E61CBD /* AwemeList */,
				AAD8BCF2219C223A00E61CBD /* TransitionAnim */,
				AAD8BCF6219C223A00E61CBD /* LoadMoreControl.swift */,
				AAD8BCF7219C223A00E61CBD /* MenuPopView.swift */,
				AAD8BCF8219C223A00E61CBD /* UserHomePage */,
			);
			path = Controller;
			sourceTree = "<group>";
		};
		AAD8BCDA219C223A00E61CBD /* GroupChat */ = {
			isa = PBXGroup;
			children = (
				AAD8BCDB219C223A00E61CBD /* EmotionSelector.swift */,
				AAD8BCDC219C223A00E61CBD /* ChatListController.swift */,
				AAD8BCDD219C223A00E61CBD /* TextMessageCell.swift */,
				AAD8BCDE219C223A00E61CBD /* SystemMessageCell.swift */,
				AAD8BCDF219C223A00E61CBD /* ImageMessageCell.swift */,
				AAD8BCE0219C223A00E61CBD /* TimeCell.swift */,
				AAD8BCE1219C223A00E61CBD /* PhotoSelector.swift */,
				AAD8BCE2219C223A00E61CBD /* ChatTextView.swift */,
				AAD8BCE3219C223A00E61CBD /* Emotion */,
			);
			path = GroupChat;
			sourceTree = "<group>";
		};
		AAD8BCE3219C223A00E61CBD /* Emotion */ = {
			isa = PBXGroup;
			children = (
				AAD8BCE4219C223A00E61CBD /* EmotionHelper.swift */,
			);
			path = Emotion;
			sourceTree = "<group>";
		};
		AAD8BCE5219C223A00E61CBD /* AwemeList */ = {
			isa = PBXGroup;
			children = (
				AAD8BCE6219C223A00E61CBD /* FocusView.swift */,
				AAD8BCE7219C223A00E61CBD /* FavoriteView.swift */,
				AAD8BCE8219C223A00E61CBD /* HoverTextView.swift */,
				AAD8BCE9219C223A00E61CBD /* AwemeListCell.swift */,
				AAD8BCEA219C223A00E61CBD /* AVPlayer */,
				AAD8BCED219C223A00E61CBD /* CommentsPopView.swift */,
				AAD8BCEE219C223A00E61CBD /* MusicAlbumView.swift */,
				AAD8BCEF219C223A00E61CBD /* AwemeListController.swift */,
				AAD8BCF0219C223A00E61CBD /* CircleTextView.swift */,
				AAD8BCF1219C223A00E61CBD /* SharePopView.swift */,
			);
			path = AwemeList;
			sourceTree = "<group>";
		};
		AAD8BCEA219C223A00E61CBD /* AVPlayer */ = {
			isa = PBXGroup;
			children = (
				AAD8BCEB219C223A00E61CBD /* AVPlayerView.swift */,
				AAD8BCEC219C223A00E61CBD /* AVPlayerManager.swift */,
			);
			path = AVPlayer;
			sourceTree = "<group>";
		};
		AAD8BCF2219C223A00E61CBD /* TransitionAnim */ = {
			isa = PBXGroup;
			children = (
				AAD8BCF3219C223A00E61CBD /* SwipeLeftInteractiveTransition.swift */,
				AAD8BCF4219C223A00E61CBD /* ScalePresentAnimation.swift */,
				AAD8BCF5219C223A00E61CBD /* ScaleDismissAnimation.swift */,
			);
			path = TransitionAnim;
			sourceTree = "<group>";
		};
		AAD8BCF8219C223A00E61CBD /* UserHomePage */ = {
			isa = PBXGroup;
			children = (
				AAD8BCF9219C223A00E61CBD /* SlideTabBarFooter.swift */,
				AAD8BCFA219C223A00E61CBD /* HoverViewFlowLayout.swift */,
				AAD8BCFB219C223A00E61CBD /* UserHomePageController.swift */,
				AAD8BCFC219C223A00E61CBD /* UserInfoHeader.swift */,
				AAD8BCFD219C223A00E61CBD /* AwemeCollectionCell.swift */,
			);
			path = UserHomePage;
			sourceTree = "<group>";
		};
		AAD8BCFE219C223A00E61CBD /* Network */ = {
			isa = PBXGroup;
			children = (
				AAD8BCFF219C223A00E61CBD /* NetworkManager.swift */,
				AAD8BD00219C223A00E61CBD /* WebSocketManger.swift */,
				AAD8BD01219C223A00E61CBD /* HttpRequest */,
				AAD8BD0D219C223A00E61CBD /* HttpResponse */,
			);
			path = Network;
			sourceTree = "<group>";
		};
		AAD8BD01219C223A00E61CBD /* HttpRequest */ = {
			isa = PBXGroup;
			children = (
				AAD8BD02219C223A00E61CBD /* BaseRequest.swift */,
				AAD8BD03219C223A00E61CBD /* PostGroupChatImageRequest.swift */,
				AAD8BD04219C223A00E61CBD /* AwemeListRequest.swift */,
				AAD8BD05219C223A00E61CBD /* PostCommentRequest.swift */,
				AAD8BD06219C223A00E61CBD /* DeleteCommentRequest.swift */,
				AAD8BD07219C223A00E61CBD /* UserRequest.swift */,
				AAD8BD08219C223A00E61CBD /* GroupChatListRequest.swift */,
				AAD8BD09219C223A00E61CBD /* PostGroupChatTextRequest.swift */,
				AAD8BD0A219C223A00E61CBD /* VisitorRequest.swift */,
				AAD8BD0B219C223A00E61CBD /* CommentListRequest.swift */,
				AAD8BD0C219C223A00E61CBD /* DeleteGroupChatRequest.swift */,
			);
			path = HttpRequest;
			sourceTree = "<group>";
		};
		AAD8BD0D219C223A00E61CBD /* HttpResponse */ = {
			isa = PBXGroup;
			children = (
				AAD8BD0E219C223A00E61CBD /* BaseResponse.swift */,
				AAD8BD0F219C223A00E61CBD /* GroupChatResponse.swift */,
				AAD8BD10219C223B00E61CBD /* CommentListResponse.swift */,
				AAD8BD11219C223B00E61CBD /* AwemeResponse.swift */,
				AAD8BD12219C223B00E61CBD /* UserResponse.swift */,
				AAD8BD13219C223B00E61CBD /* AwemeListResponse.swift */,
				AAD8BD14219C223B00E61CBD /* GroupChatListResponse.swift */,
				AAD8BD15219C223B00E61CBD /* CommentResponse.swift */,
				AAD8BD16219C223B00E61CBD /* VisitorResponse.swift */,
			);
			path = HttpResponse;
			sourceTree = "<group>";
		};
		AAD8BD17219C223B00E61CBD /* WebP */ = {
			isa = PBXGroup;
			children = (
				AAD8BD18219C223B00E61CBD /* WebPImage.h */,
				AAD8BD19219C223B00E61CBD /* WebPQueueManager.swift */,
				AAD8BD1A219C223B00E61CBD /* WebPImageView.swift */,
				AAD8BD1B219C223B00E61CBD /* WebPImage.m */,
				AAD8BD1C219C223B00E61CBD /* WebPImageOperation.swift */,
			);
			path = WebP;
			sourceTree = "<group>";
		};
		AAD8BD1D219C223B00E61CBD /* Extension */ = {
			isa = PBXGroup;
			children = (
				AAD8BD1E219C223B00E61CBD /* NSAttributedString+.swift */,
				AAD8BD1F219C223B00E61CBD /* NSTextAttachment+Emotion.swift */,
				AAD8BD20219C223B00E61CBD /* Array+.swift */,
				AAD8BD21219C223B00E61CBD /* UIImageView+WebCache.swift */,
				AAD8BD22219C223B00E61CBD /* String+.swift */,
				AAD8BD23219C223B00E61CBD /* UIWindow+.swift */,
				AAD8BD24219C223B00E61CBD /* Data+.swift */,
				AAD8BD25219C223B00E61CBD /* Date+.swift */,
				AAD8BD26219C223B00E61CBD /* UIImage+.swift */,
				AAD8BD27219C223B00E61CBD /* UIApplication+.swift */,
				AAD8BD28219C223B00E61CBD /* Notification+.swift */,
			);
			path = Extension;
			sourceTree = "<group>";
		};
		AAD8BD29219C223B00E61CBD /* Utils */ = {
			isa = PBXGroup;
			children = (
				AAD8BD2A219C223B00E61CBD /* Constants.swift */,
			);
			path = Utils;
			sourceTree = "<group>";
		};
		B11D46ECCF1DB503C7CE4AF8 /* Pods */ = {
			isa = PBXGroup;
			children = (
				A2103015563270935F591B2C /* Pods-MicroLive.debug.xcconfig */,
				3345FB569091822EB03E471B /* Pods-MicroLive.release.xcconfig */,
				3C090CF4918DF3A9659378B7 /* Pods-MicroLiveTests.debug.xcconfig */,
				79D28D2A64AB6FF94641979C /* Pods-MicroLiveTests.release.xcconfig */,
				4C84E0FFF94BC8BDA642DC32 /* Pods-MicroLiveUITests.debug.xcconfig */,
				5350B9A7D38222C67FAAF4D3 /* Pods-MicroLiveUITests.release.xcconfig */,
			);
			name = Pods;
			sourceTree = "<group>";
		};
/* End PBXGroup section */

/* Begin PBXNativeTarget section */
		AAD8BC88219C024D00E61CBD /* MicroLive */ = {
			isa = PBXNativeTarget;
			buildConfigurationList = AAD8BCB4219C025000E61CBD /* Build configuration list for PBXNativeTarget "MicroLive" */;
			buildPhases = (
				E5F3758E4BB93DC50F3B0E4C /* [CP] Check Pods Manifest.lock */,
				AAD8BC85219C024D00E61CBD /* Sources */,
				AAD8BC86219C024D00E61CBD /* Frameworks */,
				AAD8BC87219C024D00E61CBD /* Resources */,
				C5D16A81A0957C48F8037C13 /* [CP] Embed Pods Frameworks */,
			);
			buildRules = (
			);
			dependencies = (
			);
			name = MicroLive;
			productName = MicroLive;
			productReference = AAD8BC89219C024D00E61CBD /* MicroLive.app */;
			productType = "com.apple.product-type.application";
		};
		AAD8BC9F219C025000E61CBD /* MicroLiveTests */ = {
			isa = PBXNativeTarget;
			buildConfigurationList = AAD8BCB7219C025000E61CBD /* Build configuration list for PBXNativeTarget "MicroLiveTests" */;
			buildPhases = (
				EB8BCCA788BADDDC952A17F0 /* [CP] Check Pods Manifest.lock */,
				AAD8BC9C219C025000E61CBD /* Sources */,
				AAD8BC9D219C025000E61CBD /* Frameworks */,
				AAD8BC9E219C025000E61CBD /* Resources */,
			);
			buildRules = (
			);
			dependencies = (
				AAD8BCA2219C025000E61CBD /* PBXTargetDependency */,
			);
			name = MicroLiveTests;
			productName = MicroLiveTests;
			productReference = AAD8BCA0219C025000E61CBD /* MicroLiveTests.xctest */;
			productType = "com.apple.product-type.bundle.unit-test";
		};
		AAD8BCAA219C025000E61CBD /* MicroLiveUITests */ = {
			isa = PBXNativeTarget;
			buildConfigurationList = AAD8BCBA219C025000E61CBD /* Build configuration list for PBXNativeTarget "MicroLiveUITests" */;
			buildPhases = (
				2BAE5E6F5D2B844AF4369F41 /* [CP] Check Pods Manifest.lock */,
				AAD8BCA7219C025000E61CBD /* Sources */,
				AAD8BCA8219C025000E61CBD /* Frameworks */,
				AAD8BCA9219C025000E61CBD /* Resources */,
			);
			buildRules = (
			);
			dependencies = (
				AAD8BCAD219C025000E61CBD /* PBXTargetDependency */,
			);
			name = MicroLiveUITests;
			productName = MicroLiveUITests;
			productReference = AAD8BCAB219C025000E61CBD /* MicroLiveUITests.xctest */;
			productType = "com.apple.product-type.bundle.ui-testing";
		};
/* End PBXNativeTarget section */

/* Begin PBXProject section */
		AAD8BC81219C024D00E61CBD /* Project object */ = {
			isa = PBXProject;
			attributes = {
				LastSwiftUpdateCheck = 0940;
				LastUpgradeCheck = 0940;
				ORGANIZATIONNAME = "MTX Software Technology Co.,Ltd.";
				TargetAttributes = {
					AAD8BC88219C024D00E61CBD = {
						CreatedOnToolsVersion = 9.4.1;
					};
					AAD8BC9F219C025000E61CBD = {
						CreatedOnToolsVersion = 9.4.1;
						TestTargetID = AAD8BC88219C024D00E61CBD;
					};
					AAD8BCAA219C025000E61CBD = {
						CreatedOnToolsVersion = 9.4.1;
						TestTargetID = AAD8BC88219C024D00E61CBD;
					};
				};
			};
			buildConfigurationList = AAD8BC84219C024D00E61CBD /* Build configuration list for PBXProject "MicroLive" */;
			compatibilityVersion = "Xcode 9.3";
			developmentRegion = en;
			hasScannedForEncodings = 0;
			knownRegions = (
				en,
				Base,
			);
			mainGroup = AAD8BC80219C024D00E61CBD;
			productRefGroup = AAD8BC8A219C024D00E61CBD /* Products */;
			projectDirPath = "";
			projectRoot = "";
			targets = (
				AAD8BC88219C024D00E61CBD /* MicroLive */,
				AAD8BC9F219C025000E61CBD /* MicroLiveTests */,
				AAD8BCAA219C025000E61CBD /* MicroLiveUITests */,
			);
		};
/* End PBXProject section */

/* Begin PBXResourcesBuildPhase section */
		AAD8BC87219C024D00E61CBD /* Resources */ = {
			isa = PBXResourcesBuildPhase;
			buildActionMask = 2147483647;
			files = (
				AAD8BD36219C223B00E61CBD /* emotion.json in Resources */,
				AAD8BD32219C223B00E61CBD /* user.json in Resources */,
				AAD8BD35219C223B00E61CBD /* awemes.json in Resources */,
				AAD8BC9A219C025000E61CBD /* LaunchScreen.storyboard in Resources */,
				AAD8BD31219C223B00E61CBD /* Emoticons.bundle in Resources */,
				AAD8BC92219C024D00E61CBD /* Main.storyboard in Resources */,
				AAD8BD2F219C223B00E61CBD /* comments.json in Resources */,
				AAD8BD30219C223B00E61CBD /* Assets.xcassets in Resources */,
				AAD8BD33219C223B00E61CBD /* groupchats.json in Resources */,
				AAD8BD34219C223B00E61CBD /* favorites.json in Resources */,
			);
			runOnlyForDeploymentPostprocessing = 0;
		};
		AAD8BC9E219C025000E61CBD /* Resources */ = {
			isa = PBXResourcesBuildPhase;
			buildActionMask = 2147483647;
			files = (
			);
			runOnlyForDeploymentPostprocessing = 0;
		};
		AAD8BCA9219C025000E61CBD /* Resources */ = {
			isa = PBXResourcesBuildPhase;
			buildActionMask = 2147483647;
			files = (
			);
			runOnlyForDeploymentPostprocessing = 0;
		};
/* End PBXResourcesBuildPhase section */

/* Begin PBXShellScriptBuildPhase section */
		2BAE5E6F5D2B844AF4369F41 /* [CP] Check Pods Manifest.lock */ = {
			isa = PBXShellScriptBuildPhase;
			buildActionMask = 2147483647;
			files = (
			);
			inputPaths = (
				"${PODS_PODFILE_DIR_PATH}/Podfile.lock",
				"${PODS_ROOT}/Manifest.lock",
			);
			name = "[CP] Check Pods Manifest.lock";
			outputPaths = (
				"$(DERIVED_FILE_DIR)/Pods-MicroLiveUITests-checkManifestLockResult.txt",
			);
			runOnlyForDeploymentPostprocessing = 0;
			shellPath = /bin/sh;
			shellScript = "diff \"${PODS_PODFILE_DIR_PATH}/Podfile.lock\" \"${PODS_ROOT}/Manifest.lock\" > /dev/null\nif [ $? != 0 ] ; then\n    # print error to STDERR\n    echo \"error: The sandbox is not in sync with the Podfile.lock. Run 'pod install' or update your CocoaPods installation.\" >&2\n    exit 1\nfi\n# This output is used by Xcode 'outputs' to avoid re-running this script phase.\necho \"SUCCESS\" > \"${SCRIPT_OUTPUT_FILE_0}\"\n";
			showEnvVarsInLog = 0;
		};
		C5D16A81A0957C48F8037C13 /* [CP] Embed Pods Frameworks */ = {
			isa = PBXShellScriptBuildPhase;
			buildActionMask = 2147483647;
			files = (
			);
			inputPaths = (
				"${SRCROOT}/Pods/Target Support Files/Pods-MicroLive/Pods-MicroLive-frameworks.sh",
				"${BUILT_PRODUCTS_DIR}/Alamofire/Alamofire.framework",
				"${BUILT_PRODUCTS_DIR}/HandyJSON/HandyJSON.framework",
				"${BUILT_PRODUCTS_DIR}/SnapKit/SnapKit.framework",
				"${BUILT_PRODUCTS_DIR}/Starscream/Starscream.framework",
				"${BUILT_PRODUCTS_DIR}/SwiftyJSON/SwiftyJSON.framework",
				"${BUILT_PRODUCTS_DIR}/libwebp/libwebp.framework",
			);
			name = "[CP] Embed Pods Frameworks";
			outputPaths = (
				"${TARGET_BUILD_DIR}/${FRAMEWORKS_FOLDER_PATH}/Alamofire.framework",
				"${TARGET_BUILD_DIR}/${FRAMEWORKS_FOLDER_PATH}/HandyJSON.framework",
				"${TARGET_BUILD_DIR}/${FRAMEWORKS_FOLDER_PATH}/SnapKit.framework",
				"${TARGET_BUILD_DIR}/${FRAMEWORKS_FOLDER_PATH}/Starscream.framework",
				"${TARGET_BUILD_DIR}/${FRAMEWORKS_FOLDER_PATH}/SwiftyJSON.framework",
				"${TARGET_BUILD_DIR}/${FRAMEWORKS_FOLDER_PATH}/libwebp.framework",
			);
			runOnlyForDeploymentPostprocessing = 0;
			shellPath = /bin/sh;
			shellScript = "\"${SRCROOT}/Pods/Target Support Files/Pods-MicroLive/Pods-MicroLive-frameworks.sh\"\n";
			showEnvVarsInLog = 0;
		};
		E5F3758E4BB93DC50F3B0E4C /* [CP] Check Pods Manifest.lock */ = {
			isa = PBXShellScriptBuildPhase;
			buildActionMask = 2147483647;
			files = (
			);
			inputPaths = (
				"${PODS_PODFILE_DIR_PATH}/Podfile.lock",
				"${PODS_ROOT}/Manifest.lock",
			);
			name = "[CP] Check Pods Manifest.lock";
			outputPaths = (
				"$(DERIVED_FILE_DIR)/Pods-MicroLive-checkManifestLockResult.txt",
			);
			runOnlyForDeploymentPostprocessing = 0;
			shellPath = /bin/sh;
			shellScript = "diff \"${PODS_PODFILE_DIR_PATH}/Podfile.lock\" \"${PODS_ROOT}/Manifest.lock\" > /dev/null\nif [ $? != 0 ] ; then\n    # print error to STDERR\n    echo \"error: The sandbox is not in sync with the Podfile.lock. Run 'pod install' or update your CocoaPods installation.\" >&2\n    exit 1\nfi\n# This output is used by Xcode 'outputs' to avoid re-running this script phase.\necho \"SUCCESS\" > \"${SCRIPT_OUTPUT_FILE_0}\"\n";
			showEnvVarsInLog = 0;
		};
		EB8BCCA788BADDDC952A17F0 /* [CP] Check Pods Manifest.lock */ = {
			isa = PBXShellScriptBuildPhase;
			buildActionMask = 2147483647;
			files = (
			);
			inputPaths = (
				"${PODS_PODFILE_DIR_PATH}/Podfile.lock",
				"${PODS_ROOT}/Manifest.lock",
			);
			name = "[CP] Check Pods Manifest.lock";
			outputPaths = (
				"$(DERIVED_FILE_DIR)/Pods-MicroLiveTests-checkManifestLockResult.txt",
			);
			runOnlyForDeploymentPostprocessing = 0;
			shellPath = /bin/sh;
			shellScript = "diff \"${PODS_PODFILE_DIR_PATH}/Podfile.lock\" \"${PODS_ROOT}/Manifest.lock\" > /dev/null\nif [ $? != 0 ] ; then\n    # print error to STDERR\n    echo \"error: The sandbox is not in sync with the Podfile.lock. Run 'pod install' or update your CocoaPods installation.\" >&2\n    exit 1\nfi\n# This output is used by Xcode 'outputs' to avoid re-running this script phase.\necho \"SUCCESS\" > \"${SCRIPT_OUTPUT_FILE_0}\"\n";
			showEnvVarsInLog = 0;
		};
/* End PBXShellScriptBuildPhase section */

/* Begin PBXSourcesBuildPhase section */
		AAD8BC85219C024D00E61CBD /* Sources */ = {
			isa = PBXSourcesBuildPhase;
			buildActionMask = 2147483647;
			files = (
				AAD8BD37219C223B00E61CBD /* Visitor.swift in Sources */,
				AAD8BD55219C223B00E61CBD /* AwemeListController.swift in Sources */,
				AAD8BD85219C223B00E61CBD /* UIApplication+.swift in Sources */,
				AAD8BD2C219C223B00E61CBD /* WebDownloader.swift in Sources */,
				AAD8BD52219C223B00E61CBD /* AVPlayerManager.swift in Sources */,
				AAD8BD7A219C223B00E61CBD /* WebPImage.m in Sources */,
				AAD8BD2B219C223B00E61CBD /* WebCombineOperation.swift in Sources */,
				AAD8BD67219C223B00E61CBD /* PostCommentRequest.swift in Sources */,
				AAD8BD56219C223B00E61CBD /* CircleTextView.swift in Sources */,
				AAD8BD73219C223B00E61CBD /* UserResponse.swift in Sources */,
				AAD8BD40219C223B00E61CBD /* PhotoView.swift in Sources */,
				AAD8BD3D219C223B00E61CBD /* GroupChat.swift in Sources */,
				AAD8BD64219C223B00E61CBD /* BaseRequest.swift in Sources */,
				AAD8BD43219C223B00E61CBD /* BaseViewController.swift in Sources */,
				AAD8BD3E219C223B00E61CBD /* Video.swift in Sources */,
				AAD8BD65219C223B00E61CBD /* PostGroupChatImageRequest.swift in Sources */,
				AAD8BD57219C223B00E61CBD /* SharePopView.swift in Sources */,
				AAD8BD58219C223B00E61CBD /* SwipeLeftInteractiveTransition.swift in Sources */,
				AAD8BD7B219C223B00E61CBD /* WebPImageOperation.swift in Sources */,
				AAD8BD50219C223B00E61CBD /* AwemeListCell.swift in Sources */,
				AAD8BD3F219C223B00E61CBD /* Aweme.swift in Sources */,
				AAD8BD66219C223B00E61CBD /* AwemeListRequest.swift in Sources */,
				AAD8BD3C219C223B00E61CBD /* BaseModel.swift in Sources */,
				AAD8BD87219C223B00E61CBD /* Constants.swift in Sources */,
				AAD8BD51219C223B00E61CBD /* AVPlayerView.swift in Sources */,
				AAD8BD5F219C223B00E61CBD /* UserHomePageController.swift in Sources */,
				AAD8BD2E219C223B00E61CBD /* WebDownloadOperation.swift in Sources */,
				AAD8BD76219C223B00E61CBD /* CommentResponse.swift in Sources */,
				AAD8BD6B219C223B00E61CBD /* PostGroupChatTextRequest.swift in Sources */,
				AAD8BD69219C223B00E61CBD /* UserRequest.swift in Sources */,
				AAD8BC8F219C024D00E61CBD /* ViewController.swift in Sources */,
				AAD8BD75219C223B00E61CBD /* GroupChatListResponse.swift in Sources */,
				AAD8BD7F219C223B00E61CBD /* UIImageView+WebCache.swift in Sources */,
				AAD8BD86219C223B00E61CBD /* Notification+.swift in Sources */,
				AAD8BD81219C223B00E61CBD /* UIWindow+.swift in Sources */,
				AAD8BD38219C223B00E61CBD /* Music.swift in Sources */,
				AAD8BD47219C223B00E61CBD /* SystemMessageCell.swift in Sources */,
				AAD8BD61219C223B00E61CBD /* AwemeCollectionCell.swift in Sources */,
				AAD8BD5B219C223B00E61CBD /* LoadMoreControl.swift in Sources */,
				AAD8BD44219C223B00E61CBD /* EmotionSelector.swift in Sources */,
				AAD8BD84219C223B00E61CBD /* UIImage+.swift in Sources */,
				AAD8BD46219C223B00E61CBD /* TextMessageCell.swift in Sources */,
				AAD8BD82219C223B00E61CBD /* Data+.swift in Sources */,
				AAD8BD80219C223B00E61CBD /* String+.swift in Sources */,
				AAD8BD79219C223B00E61CBD /* WebPImageView.swift in Sources */,
				AAD8BD6D219C223B00E61CBD /* CommentListRequest.swift in Sources */,
				AAD8BD2D219C223B00E61CBD /* WebCacheManager.swift in Sources */,
				AAD8BD59219C223B00E61CBD /* ScalePresentAnimation.swift in Sources */,
				AAD8BD6C219C223B00E61CBD /* VisitorRequest.swift in Sources */,
				AAD8BD62219C223B00E61CBD /* NetworkManager.swift in Sources */,
				AAD8BD49219C223B00E61CBD /* TimeCell.swift in Sources */,
				AAD8BD53219C223B00E61CBD /* CommentsPopView.swift in Sources */,
				AAD8BC95219C024D00E61CBD /* MicroLive.xcdatamodeld in Sources */,
				AAD8BD60219C223B00E61CBD /* UserInfoHeader.swift in Sources */,
				AAD8BD4F219C223B00E61CBD /* HoverTextView.swift in Sources */,
				AAD8BD63219C223B00E61CBD /* WebSocketManger.swift in Sources */,
				AAD8BD71219C223B00E61CBD /* CommentListResponse.swift in Sources */,
				AAD8BD48219C223B00E61CBD /* ImageMessageCell.swift in Sources */,
				AAD8BD4E219C223B00E61CBD /* FavoriteView.swift in Sources */,
				AAD8BD3B219C223B00E61CBD /* User.swift in Sources */,
				AAD8BD39219C223B00E61CBD /* PictureInfo.swift in Sources */,
				AAD8BD5A219C223B00E61CBD /* ScaleDismissAnimation.swift in Sources */,
				AAD8BD4C219C223B00E61CBD /* EmotionHelper.swift in Sources */,
				AAD8BD6A219C223B00E61CBD /* GroupChatListRequest.swift in Sources */,
				AAD8BD41219C223B00E61CBD /* RefreshControl.swift in Sources */,
				AAD8BD7E219C223B00E61CBD /* Array+.swift in Sources */,
				AAD8BD42219C223B00E61CBD /* CircleProgress.swift in Sources */,
				AAD8BD83219C223B00E61CBD /* Date+.swift in Sources */,
				AAD8BD7D219C223B00E61CBD /* NSTextAttachment+Emotion.swift in Sources */,
				AAD8BD3A219C223B00E61CBD /* Comment.swift in Sources */,
				AAD8BD5D219C223B00E61CBD /* SlideTabBarFooter.swift in Sources */,
				AAD8BD7C219C223B00E61CBD /* NSAttributedString+.swift in Sources */,
				AAD8BD5E219C223B00E61CBD /* HoverViewFlowLayout.swift in Sources */,
				AAD8BD68219C223B00E61CBD /* DeleteCommentRequest.swift in Sources */,
				AAD8BD6F219C223B00E61CBD /* BaseResponse.swift in Sources */,
				AAD8BD74219C223B00E61CBD /* AwemeListResponse.swift in Sources */,
				AAD8BD5C219C223B00E61CBD /* MenuPopView.swift in Sources */,
				AAD8BD70219C223B00E61CBD /* GroupChatResponse.swift in Sources */,
				AAD8BD77219C223B00E61CBD /* VisitorResponse.swift in Sources */,
				AAD8BD78219C223B00E61CBD /* WebPQueueManager.swift in Sources */,
				AAD8BD54219C223B00E61CBD /* MusicAlbumView.swift in Sources */,
				AAD8BD72219C223B00E61CBD /* AwemeResponse.swift in Sources */,
				AAD8BC8D219C024D00E61CBD /* AppDelegate.swift in Sources */,
				AAD8BD4B219C223B00E61CBD /* ChatTextView.swift in Sources */,
				AAD8BD6E219C223B00E61CBD /* DeleteGroupChatRequest.swift in Sources */,
				AAD8BD4A219C223B00E61CBD /* PhotoSelector.swift in Sources */,
				AAD8BD45219C223B00E61CBD /* ChatListController.swift in Sources */,
				AAD8BD4D219C223B00E61CBD /* FocusView.swift in Sources */,
			);
			runOnlyForDeploymentPostprocessing = 0;
		};
		AAD8BC9C219C025000E61CBD /* Sources */ = {
			isa = PBXSourcesBuildPhase;
			buildActionMask = 2147483647;
			files = (
				AAD8BCA5219C025000E61CBD /* MicroLiveTests.swift in Sources */,
			);
			runOnlyForDeploymentPostprocessing = 0;
		};
		AAD8BCA7219C025000E61CBD /* Sources */ = {
			isa = PBXSourcesBuildPhase;
			buildActionMask = 2147483647;
			files = (
				AAD8BCB0219C025000E61CBD /* MicroLiveUITests.swift in Sources */,
			);
			runOnlyForDeploymentPostprocessing = 0;
		};
/* End PBXSourcesBuildPhase section */

/* Begin PBXTargetDependency section */
		AAD8BCA2219C025000E61CBD /* PBXTargetDependency */ = {
			isa = PBXTargetDependency;
			target = AAD8BC88219C024D00E61CBD /* MicroLive */;
			targetProxy = AAD8BCA1219C025000E61CBD /* PBXContainerItemProxy */;
		};
		AAD8BCAD219C025000E61CBD /* PBXTargetDependency */ = {
			isa = PBXTargetDependency;
			target = AAD8BC88219C024D00E61CBD /* MicroLive */;
			targetProxy = AAD8BCAC219C025000E61CBD /* PBXContainerItemProxy */;
		};
/* End PBXTargetDependency section */

/* Begin PBXVariantGroup section */
		AAD8BC90219C024D00E61CBD /* Main.storyboard */ = {
			isa = PBXVariantGroup;
			children = (
				AAD8BC91219C024D00E61CBD /* Base */,
			);
			name = Main.storyboard;
			sourceTree = "<group>";
		};
		AAD8BC98219C025000E61CBD /* LaunchScreen.storyboard */ = {
			isa = PBXVariantGroup;
			children = (
				AAD8BC99219C025000E61CBD /* Base */,
			);
			name = LaunchScreen.storyboard;
			sourceTree = "<group>";
		};
/* End PBXVariantGroup section */

/* Begin XCBuildConfiguration section */
		AAD8BCB2219C025000E61CBD /* Debug */ = {
			isa = XCBuildConfiguration;
			buildSettings = {
				ALWAYS_SEARCH_USER_PATHS = NO;
				CLANG_ANALYZER_NONNULL = YES;
				CLANG_ANALYZER_NUMBER_OBJECT_CONVERSION = YES_AGGRESSIVE;
				CLANG_CXX_LANGUAGE_STANDARD = "gnu++14";
				CLANG_CXX_LIBRARY = "libc++";
				CLANG_ENABLE_MODULES = YES;
				CLANG_ENABLE_OBJC_ARC = YES;
				CLANG_ENABLE_OBJC_WEAK = YES;
				CLANG_WARN_BLOCK_CAPTURE_AUTORELEASING = YES;
				CLANG_WARN_BOOL_CONVERSION = YES;
				CLANG_WARN_COMMA = YES;
				CLANG_WARN_CONSTANT_CONVERSION = YES;
				CLANG_WARN_DEPRECATED_OBJC_IMPLEMENTATIONS = YES;
				CLANG_WARN_DIRECT_OBJC_ISA_USAGE = YES_ERROR;
				CLANG_WARN_DOCUMENTATION_COMMENTS = YES;
				CLANG_WARN_EMPTY_BODY = YES;
				CLANG_WARN_ENUM_CONVERSION = YES;
				CLANG_WARN_INFINITE_RECURSION = YES;
				CLANG_WARN_INT_CONVERSION = YES;
				CLANG_WARN_NON_LITERAL_NULL_CONVERSION = YES;
				CLANG_WARN_OBJC_IMPLICIT_RETAIN_SELF = YES;
				CLANG_WARN_OBJC_LITERAL_CONVERSION = YES;
				CLANG_WARN_OBJC_ROOT_CLASS = YES_ERROR;
				CLANG_WARN_RANGE_LOOP_ANALYSIS = YES;
				CLANG_WARN_STRICT_PROTOTYPES = YES;
				CLANG_WARN_SUSPICIOUS_MOVE = YES;
				CLANG_WARN_UNGUARDED_AVAILABILITY = YES_AGGRESSIVE;
				CLANG_WARN_UNREACHABLE_CODE = YES;
				CLANG_WARN__DUPLICATE_METHOD_MATCH = YES;
				CODE_SIGN_IDENTITY = "iPhone Developer";
				COPY_PHASE_STRIP = NO;
				DEBUG_INFORMATION_FORMAT = dwarf;
				ENABLE_STRICT_OBJC_MSGSEND = YES;
				ENABLE_TESTABILITY = YES;
				GCC_C_LANGUAGE_STANDARD = gnu11;
				GCC_DYNAMIC_NO_PIC = NO;
				GCC_NO_COMMON_BLOCKS = YES;
				GCC_OPTIMIZATION_LEVEL = 0;
				GCC_PREPROCESSOR_DEFINITIONS = (
					"DEBUG=1",
					"$(inherited)",
				);
				GCC_WARN_64_TO_32_BIT_CONVERSION = YES;
				GCC_WARN_ABOUT_RETURN_TYPE = YES_ERROR;
				GCC_WARN_UNDECLARED_SELECTOR = YES;
				GCC_WARN_UNINITIALIZED_AUTOS = YES_AGGRESSIVE;
				GCC_WARN_UNUSED_FUNCTION = YES;
				GCC_WARN_UNUSED_VARIABLE = YES;
				IPHONEOS_DEPLOYMENT_TARGET = 11.4;
				MTL_ENABLE_DEBUG_INFO = YES;
				ONLY_ACTIVE_ARCH = YES;
				SDKROOT = iphoneos;
				SWIFT_ACTIVE_COMPILATION_CONDITIONS = DEBUG;
				SWIFT_OPTIMIZATION_LEVEL = "-Onone";
			};
			name = Debug;
		};
		AAD8BCB3219C025000E61CBD /* Release */ = {
			isa = XCBuildConfiguration;
			buildSettings = {
				ALWAYS_SEARCH_USER_PATHS = NO;
				CLANG_ANALYZER_NONNULL = YES;
				CLANG_ANALYZER_NUMBER_OBJECT_CONVERSION = YES_AGGRESSIVE;
				CLANG_CXX_LANGUAGE_STANDARD = "gnu++14";
				CLANG_CXX_LIBRARY = "libc++";
				CLANG_ENABLE_MODULES = YES;
				CLANG_ENABLE_OBJC_ARC = YES;
				CLANG_ENABLE_OBJC_WEAK = YES;
				CLANG_WARN_BLOCK_CAPTURE_AUTORELEASING = YES;
				CLANG_WARN_BOOL_CONVERSION = YES;
				CLANG_WARN_COMMA = YES;
				CLANG_WARN_CONSTANT_CONVERSION = YES;
				CLANG_WARN_DEPRECATED_OBJC_IMPLEMENTATIONS = YES;
				CLANG_WARN_DIRECT_OBJC_ISA_USAGE = YES_ERROR;
				CLANG_WARN_DOCUMENTATION_COMMENTS = YES;
				CLANG_WARN_EMPTY_BODY = YES;
				CLANG_WARN_ENUM_CONVERSION = YES;
				CLANG_WARN_INFINITE_RECURSION = YES;
				CLANG_WARN_INT_CONVERSION = YES;
				CLANG_WARN_NON_LITERAL_NULL_CONVERSION = YES;
				CLANG_WARN_OBJC_IMPLICIT_RETAIN_SELF = YES;
				CLANG_WARN_OBJC_LITERAL_CONVERSION = YES;
				CLANG_WARN_OBJC_ROOT_CLASS = YES_ERROR;
				CLANG_WARN_RANGE_LOOP_ANALYSIS = YES;
				CLANG_WARN_STRICT_PROTOTYPES = YES;
				CLANG_WARN_SUSPICIOUS_MOVE = YES;
				CLANG_WARN_UNGUARDED_AVAILABILITY = YES_AGGRESSIVE;
				CLANG_WARN_UNREACHABLE_CODE = YES;
				CLANG_WARN__DUPLICATE_METHOD_MATCH = YES;
				CODE_SIGN_IDENTITY = "iPhone Developer";
				COPY_PHASE_STRIP = NO;
				DEBUG_INFORMATION_FORMAT = "dwarf-with-dsym";
				ENABLE_NS_ASSERTIONS = NO;
				ENABLE_STRICT_OBJC_MSGSEND = YES;
				GCC_C_LANGUAGE_STANDARD = gnu11;
				GCC_NO_COMMON_BLOCKS = YES;
				GCC_WARN_64_TO_32_BIT_CONVERSION = YES;
				GCC_WARN_ABOUT_RETURN_TYPE = YES_ERROR;
				GCC_WARN_UNDECLARED_SELECTOR = YES;
				GCC_WARN_UNINITIALIZED_AUTOS = YES_AGGRESSIVE;
				GCC_WARN_UNUSED_FUNCTION = YES;
				GCC_WARN_UNUSED_VARIABLE = YES;
				IPHONEOS_DEPLOYMENT_TARGET = 11.4;
				MTL_ENABLE_DEBUG_INFO = NO;
				SDKROOT = iphoneos;
				SWIFT_COMPILATION_MODE = wholemodule;
				SWIFT_OPTIMIZATION_LEVEL = "-O";
				VALIDATE_PRODUCT = YES;
			};
			name = Release;
		};
		AAD8BCB5219C025000E61CBD /* Debug */ = {
			isa = XCBuildConfiguration;
			baseConfigurationReference = A2103015563270935F591B2C /* Pods-MicroLive.debug.xcconfig */;
			buildSettings = {
				ASSETCATALOG_COMPILER_APPICON_NAME = AppIcon;
				CODE_SIGN_STYLE = Automatic;
				DEVELOPMENT_TEAM = 5U5763E89G;
				INFOPLIST_FILE = MicroLive/Info.plist;
				LD_RUNPATH_SEARCH_PATHS = (
					"$(inherited)",
					"@executable_path/Frameworks",
				);
				PRODUCT_BUNDLE_IDENTIFIER = com.mountain.xiang.MicroLive;
				PRODUCT_NAME = "$(TARGET_NAME)";
				SWIFT_OBJC_BRIDGING_HEADER = "MicroLive/Douyin+bridging+Header.h";
				SWIFT_VERSION = 4.0;
				TARGETED_DEVICE_FAMILY = "1,2";
			};
			name = Debug;
		};
		AAD8BCB6219C025000E61CBD /* Release */ = {
			isa = XCBuildConfiguration;
			baseConfigurationReference = 3345FB569091822EB03E471B /* Pods-MicroLive.release.xcconfig */;
			buildSettings = {
				ASSETCATALOG_COMPILER_APPICON_NAME = AppIcon;
				CODE_SIGN_STYLE = Automatic;
				DEVELOPMENT_TEAM = 5U5763E89G;
				INFOPLIST_FILE = MicroLive/Info.plist;
				LD_RUNPATH_SEARCH_PATHS = (
					"$(inherited)",
					"@executable_path/Frameworks",
				);
				PRODUCT_BUNDLE_IDENTIFIER = com.mountain.xiang.MicroLive;
				PRODUCT_NAME = "$(TARGET_NAME)";
				SWIFT_OBJC_BRIDGING_HEADER = "MicroLive/Douyin+bridging+Header.h";
				SWIFT_VERSION = 4.0;
				TARGETED_DEVICE_FAMILY = "1,2";
			};
			name = Release;
		};
		AAD8BCB8219C025000E61CBD /* Debug */ = {
			isa = XCBuildConfiguration;
			baseConfigurationReference = 3C090CF4918DF3A9659378B7 /* Pods-MicroLiveTests.debug.xcconfig */;
			buildSettings = {
				ALWAYS_EMBED_SWIFT_STANDARD_LIBRARIES = YES;
				BUNDLE_LOADER = "$(TEST_HOST)";
				CODE_SIGN_STYLE = Automatic;
				DEVELOPMENT_TEAM = 5U5763E89G;
				INFOPLIST_FILE = MicroLiveTests/Info.plist;
				LD_RUNPATH_SEARCH_PATHS = (
					"$(inherited)",
					"@executable_path/Frameworks",
					"@loader_path/Frameworks",
				);
				PRODUCT_BUNDLE_IDENTIFIER = com.mountain.xiang.MicroLiveTests;
				PRODUCT_NAME = "$(TARGET_NAME)";
				SWIFT_VERSION = 4.0;
				TARGETED_DEVICE_FAMILY = "1,2";
				TEST_HOST = "$(BUILT_PRODUCTS_DIR)/MicroLive.app/MicroLive";
			};
			name = Debug;
		};
		AAD8BCB9219C025000E61CBD /* Release */ = {
			isa = XCBuildConfiguration;
			baseConfigurationReference = 79D28D2A64AB6FF94641979C /* Pods-MicroLiveTests.release.xcconfig */;
			buildSettings = {
				ALWAYS_EMBED_SWIFT_STANDARD_LIBRARIES = YES;
				BUNDLE_LOADER = "$(TEST_HOST)";
				CODE_SIGN_STYLE = Automatic;
				DEVELOPMENT_TEAM = 5U5763E89G;
				INFOPLIST_FILE = MicroLiveTests/Info.plist;
				LD_RUNPATH_SEARCH_PATHS = (
					"$(inherited)",
					"@executable_path/Frameworks",
					"@loader_path/Frameworks",
				);
				PRODUCT_BUNDLE_IDENTIFIER = com.mountain.xiang.MicroLiveTests;
				PRODUCT_NAME = "$(TARGET_NAME)";
				SWIFT_VERSION = 4.0;
				TARGETED_DEVICE_FAMILY = "1,2";
				TEST_HOST = "$(BUILT_PRODUCTS_DIR)/MicroLive.app/MicroLive";
			};
			name = Release;
		};
		AAD8BCBB219C025000E61CBD /* Debug */ = {
			isa = XCBuildConfiguration;
			baseConfigurationReference = 4C84E0FFF94BC8BDA642DC32 /* Pods-MicroLiveUITests.debug.xcconfig */;
			buildSettings = {
				ALWAYS_EMBED_SWIFT_STANDARD_LIBRARIES = YES;
				CODE_SIGN_STYLE = Automatic;
				DEVELOPMENT_TEAM = 5U5763E89G;
				INFOPLIST_FILE = MicroLiveUITests/Info.plist;
				LD_RUNPATH_SEARCH_PATHS = (
					"$(inherited)",
					"@executable_path/Frameworks",
					"@loader_path/Frameworks",
				);
				PRODUCT_BUNDLE_IDENTIFIER = com.mountain.xiang.MicroLiveUITests;
				PRODUCT_NAME = "$(TARGET_NAME)";
				SWIFT_VERSION = 4.0;
				TARGETED_DEVICE_FAMILY = "1,2";
				TEST_TARGET_NAME = MicroLive;
			};
			name = Debug;
		};
		AAD8BCBC219C025000E61CBD /* Release */ = {
			isa = XCBuildConfiguration;
			baseConfigurationReference = 5350B9A7D38222C67FAAF4D3 /* Pods-MicroLiveUITests.release.xcconfig */;
			buildSettings = {
				ALWAYS_EMBED_SWIFT_STANDARD_LIBRARIES = YES;
				CODE_SIGN_STYLE = Automatic;
				DEVELOPMENT_TEAM = 5U5763E89G;
				INFOPLIST_FILE = MicroLiveUITests/Info.plist;
				LD_RUNPATH_SEARCH_PATHS = (
					"$(inherited)",
					"@executable_path/Frameworks",
					"@loader_path/Frameworks",
				);
				PRODUCT_BUNDLE_IDENTIFIER = com.mountain.xiang.MicroLiveUITests;
				PRODUCT_NAME = "$(TARGET_NAME)";
				SWIFT_VERSION = 4.0;
				TARGETED_DEVICE_FAMILY = "1,2";
				TEST_TARGET_NAME = MicroLive;
			};
			name = Release;
		};
/* End XCBuildConfiguration section */

/* Begin XCConfigurationList section */
		AAD8BC84219C024D00E61CBD /* Build configuration list for PBXProject "MicroLive" */ = {
			isa = XCConfigurationList;
			buildConfigurations = (
				AAD8BCB2219C025000E61CBD /* Debug */,
				AAD8BCB3219C025000E61CBD /* Release */,
			);
			defaultConfigurationIsVisible = 0;
			defaultConfigurationName = Release;
		};
		AAD8BCB4219C025000E61CBD /* Build configuration list for PBXNativeTarget "MicroLive" */ = {
			isa = XCConfigurationList;
			buildConfigurations = (
				AAD8BCB5219C025000E61CBD /* Debug */,
				AAD8BCB6219C025000E61CBD /* Release */,
			);
			defaultConfigurationIsVisible = 0;
			defaultConfigurationName = Release;
		};
		AAD8BCB7219C025000E61CBD /* Build configuration list for PBXNativeTarget "MicroLiveTests" */ = {
			isa = XCConfigurationList;
			buildConfigurations = (
				AAD8BCB8219C025000E61CBD /* Debug */,
				AAD8BCB9219C025000E61CBD /* Release */,
			);
			defaultConfigurationIsVisible = 0;
			defaultConfigurationName = Release;
		};
		AAD8BCBA219C025000E61CBD /* Build configuration list for PBXNativeTarget "MicroLiveUITests" */ = {
			isa = XCConfigurationList;
			buildConfigurations = (
				AAD8BCBB219C025000E61CBD /* Debug */,
				AAD8BCBC219C025000E61CBD /* Release */,
			);
			defaultConfigurationIsVisible = 0;
			defaultConfigurationName = Release;
		};
/* End XCConfigurationList section */

/* Begin XCVersionGroup section */
		AAD8BC93219C024D00E61CBD /* MicroLive.xcdatamodeld */ = {
			isa = XCVersionGroup;
			children = (
				AAD8BC94219C024D00E61CBD /* MicroLive.xcdatamodel */,
			);
			currentVersion = AAD8BC94219C024D00E61CBD /* MicroLive.xcdatamodel */;
			path = MicroLive.xcdatamodeld;
			sourceTree = "<group>";
			versionGroupType = wrapper.xcdatamodel;
		};
/* End XCVersionGroup section */
	};
	rootObject = AAD8BC81219C024D00E61CBD /* Project object */;
}
